{
  "version": 4,
  "terraform_version": "1.5.7",
  "serial": 126,
  "lineage": "803f02f1-3020-602f-11b7-47caa2b4e939",
  "outputs": {
    "alb_dns_name": {
      "value": "salesagent-staging-alb-1925538097.us-east-1.elb.amazonaws.com",
      "type": "string"
    },
    "cnn_url": {
      "value": "https://cnn.adcp-salesagent.com",
      "type": "string"
    },
    "database_endpoint": {
      "value": "staging-salesagent-db.c96wsm4kko25.us-east-1.rds.amazonaws.com:5432",
      "type": "string",
      "sensitive": true
    },
    "ecs_clusters": {
      "value": {
        "cnn": {
          "cluster_id": "arn:aws:ecs:us-east-1:381492092437:cluster/salesagent-cnn",
          "cluster_name": "salesagent-cnn",
          "service_name": "salesagent-cnn"
        },
        "espn": {
          "cluster_id": "arn:aws:ecs:us-east-1:381492092437:cluster/salesagent-espn",
          "cluster_name": "salesagent-espn",
          "service_name": "salesagent-espn"
        },
        "nyt": {
          "cluster_id": "arn:aws:ecs:us-east-1:381492092437:cluster/salesagent-nyt",
          "cluster_name": "salesagent-nyt",
          "service_name": "salesagent-nyt"
        }
      },
      "type": [
        "object",
        {
          "cnn": [
            "object",
            {
              "cluster_id": "string",
              "cluster_name": "string",
              "service_name": "string"
            }
          ],
          "espn": [
            "object",
            {
              "cluster_id": "string",
              "cluster_name": "string",
              "service_name": "string"
            }
          ],
          "nyt": [
            "object",
            {
              "cluster_id": "string",
              "cluster_name": "string",
              "service_name": "string"
            }
          ]
        }
      ]
    },
    "espn_url": {
      "value": "https://espn.adcp-salesagent.com",
      "type": "string"
    },
    "network_cost_savings": {
      "value": "~$40/month saved (NAT Gateway + VPC costs)",
      "type": "string"
    },
    "next_steps": {
      "value": "✅ Multi-tenant sales agents deployed in Newton's VPC with Service Discovery!\n    \nNext steps:\n1. Configure Newton's MCP servers with stable DNS names:\n   - ESPN: http://espn.salesagent.local:9580/mcp\n   - CNN: http://cnn.salesagent.local:9580/mcp\n   - NYT: http://nyt.salesagent.local:9580/mcp\n    \n2. Test Newton's connection to each sales agent\n    \nBenefits:\n- ✅ DNS names stay the same across deployments\n- ✅ Automatic IP updates (10s TTL)\n- ✅ No more IP changes breaking Newton!\n    \nCost: ~$90/month for 3 Fargate tasks (saved $40 by reusing Newton's network!)\n    \nNote: Service Discovery DNS only resolves within the VPC\n",
      "type": "string"
    },
    "nyt_url": {
      "value": "https://nyt.adcp-salesagent.com",
      "type": "string"
    },
    "service_discovery_dns": {
      "value": {
        "cnn": "cnn.salesagent.local",
        "espn": "espn.salesagent.local",
        "nyt": "nyt.salesagent.local"
      },
      "type": [
        "object",
        {
          "cnn": "string",
          "espn": "string",
          "nyt": "string"
        }
      ]
    },
    "vpc_info": {
      "value": {
        "cidr_block": "10.118.0.0/16",
        "note": "Reusing Newton's existing VPC",
        "vpc_id": "vpc-0c3f93c08fc1d2530"
      },
      "type": [
        "object",
        {
          "cidr_block": "string",
          "note": "string",
          "vpc_id": "string"
        }
      ]
    }
  },
  "resources": [
    {
      "mode": "data",
      "type": "aws_internet_gateway",
      "name": "newton",
      "provider": "provider[\"registry.terraform.io/hashicorp/aws\"]",
      "instances": [
        {
          "schema_version": 0,
          "attributes": {
            "arn": "arn:aws:ec2:us-east-1:381492092437:internet-gateway/igw-0947119918652cb07",
            "attachments": [
              {
                "state": "available",
                "vpc_id": "vpc-0c3f93c08fc1d2530"
              }
            ],
            "filter": [
              {
                "name": "attachment.vpc-id",
                "values": [
                  "vpc-0c3f93c08fc1d2530"
                ]
              }
            ],
            "id": "igw-0947119918652cb07",
            "internet_gateway_id": "igw-0947119918652cb07",
            "owner_id": "381492092437",
            "tags": {
              "Name": "dev-igw"
            },
            "timeouts": null
          },
          "sensitive_attributes": []
        }
      ]
    },
    {
      "mode": "data",
      "type": "aws_subnets",
      "name": "private",
      "provider": "provider[\"registry.terraform.io/hashicorp/aws\"]",
      "instances": [
        {
          "schema_version": 0,
          "attributes": {
            "filter": [
              {
                "name": "tag:Name",
                "values": [
                  "dev-subnet-private*"
                ]
              },
              {
                "name": "vpc-id",
                "values": [
                  "vpc-0c3f93c08fc1d2530"
                ]
              }
            ],
            "id": "us-east-1",
            "ids": [
              "subnet-0dc813a47980eb5de",
              "subnet-0c91a5b370ff9e602",
              "subnet-065023c1336d4c9f4"
            ],
            "tags": null,
            "timeouts": null
          },
          "sensitive_attributes": []
        }
      ]
    },
    {
      "mode": "data",
      "type": "aws_subnets",
      "name": "public",
      "provider": "provider[\"registry.terraform.io/hashicorp/aws\"]",
      "instances": [
        {
          "schema_version": 0,
          "attributes": {
            "filter": [
              {
                "name": "tag:Name",
                "values": [
                  "dev-subnet-public*"
                ]
              },
              {
                "name": "vpc-id",
                "values": [
                  "vpc-0c3f93c08fc1d2530"
                ]
              }
            ],
            "id": "us-east-1",
            "ids": [
              "subnet-02849fd2a0f3c9fc2",
              "subnet-01568c32396e73660",
              "subnet-04e5ded9141351a76"
            ],
            "tags": null,
            "timeouts": null
          },
          "sensitive_attributes": []
        }
      ]
    },
    {
      "mode": "data",
      "type": "aws_vpc",
      "name": "newton",
      "provider": "provider[\"registry.terraform.io/hashicorp/aws\"]",
      "instances": [
        {
          "schema_version": 0,
          "attributes": {
            "arn": "arn:aws:ec2:us-east-1:381492092437:vpc/vpc-0c3f93c08fc1d2530",
            "cidr_block": "10.118.0.0/16",
            "cidr_block_associations": [
              {
                "association_id": "vpc-cidr-assoc-05b4baffe43019d9f",
                "cidr_block": "10.118.0.0/16",
                "state": "associated"
              }
            ],
            "default": false,
            "dhcp_options_id": "dopt-0444ac0435be7081d",
            "enable_dns_hostnames": true,
            "enable_dns_support": true,
            "enable_network_address_usage_metrics": false,
            "filter": null,
            "id": "vpc-0c3f93c08fc1d2530",
            "instance_tenancy": "default",
            "ipv6_association_id": "",
            "ipv6_cidr_block": "",
            "main_route_table_id": "rtb-080cb8b2d86d04960",
            "owner_id": "381492092437",
            "state": null,
            "tags": {
              "Name": "dev-vpc"
            },
            "timeouts": null
          },
          "sensitive_attributes": []
        }
      ]
    },
    {
      "mode": "managed",
      "type": "aws_secretsmanager_secret",
      "name": "gemini_api_key",
      "provider": "provider[\"registry.terraform.io/hashicorp/aws\"]",
      "instances": [
        {
          "schema_version": 0,
          "attributes": {
            "arn": "arn:aws:secretsmanager:us-east-1:381492092437:secret:staging-salesagent-gemini-api-key-ePNWEy",
            "description": "Gemini API key for AI features",
            "force_overwrite_replica_secret": false,
            "id": "arn:aws:secretsmanager:us-east-1:381492092437:secret:staging-salesagent-gemini-api-key-ePNWEy",
            "kms_key_id": "",
            "name": "staging-salesagent-gemini-api-key",
            "name_prefix": "",
            "policy": "",
            "recovery_window_in_days": 30,
            "replica": [],
            "tags": {
              "Environment": "staging",
              "Name": "staging-salesagent-gemini-api-key"
            },
            "tags_all": {
              "Environment": "staging",
              "ManagedBy": "terraform",
              "Name": "staging-salesagent-gemini-api-key",
              "Project": "salesagent-demo",
              "Purpose": "Newton MCP Demo"
            }
          },
          "sensitive_attributes": [],
          "private": "bnVsbA=="
        }
      ]
    },
    {
      "mode": "managed",
      "type": "aws_secretsmanager_secret",
      "name": "google_client_id",
      "provider": "provider[\"registry.terraform.io/hashicorp/aws\"]",
      "instances": [
        {
          "schema_version": 0,
          "attributes": {
            "arn": "arn:aws:secretsmanager:us-east-1:381492092437:secret:staging-salesagent-google-client-id-TZSOMD",
            "description": "Google OAuth client ID",
            "force_overwrite_replica_secret": false,
            "id": "arn:aws:secretsmanager:us-east-1:381492092437:secret:staging-salesagent-google-client-id-TZSOMD",
            "kms_key_id": "",
            "name": "staging-salesagent-google-client-id",
            "name_prefix": "",
            "policy": "",
            "recovery_window_in_days": 30,
            "replica": [],
            "tags": {
              "Environment": "staging",
              "Name": "staging-salesagent-google-client-id"
            },
            "tags_all": {
              "Environment": "staging",
              "ManagedBy": "terraform",
              "Name": "staging-salesagent-google-client-id",
              "Project": "salesagent-demo",
              "Purpose": "Newton MCP Demo"
            }
          },
          "sensitive_attributes": [],
          "private": "bnVsbA=="
        }
      ]
    },
    {
      "mode": "managed",
      "type": "aws_secretsmanager_secret",
      "name": "google_client_secret",
      "provider": "provider[\"registry.terraform.io/hashicorp/aws\"]",
      "instances": [
        {
          "schema_version": 0,
          "attributes": {
            "arn": "arn:aws:secretsmanager:us-east-1:381492092437:secret:staging-salesagent-google-client-secret-aMu6oy",
            "description": "Google OAuth client secret",
            "force_overwrite_replica_secret": false,
            "id": "arn:aws:secretsmanager:us-east-1:381492092437:secret:staging-salesagent-google-client-secret-aMu6oy",
            "kms_key_id": "",
            "name": "staging-salesagent-google-client-secret",
            "name_prefix": "",
            "policy": "",
            "recovery_window_in_days": 30,
            "replica": [],
            "tags": {
              "Environment": "staging",
              "Name": "staging-salesagent-google-client-secret"
            },
            "tags_all": {
              "Environment": "staging",
              "ManagedBy": "terraform",
              "Name": "staging-salesagent-google-client-secret",
              "Project": "salesagent-demo",
              "Purpose": "Newton MCP Demo"
            }
          },
          "sensitive_attributes": [],
          "private": "bnVsbA=="
        }
      ]
    },
    {
      "mode": "managed",
      "type": "aws_secretsmanager_secret_version",
      "name": "gemini_api_key",
      "provider": "provider[\"registry.terraform.io/hashicorp/aws\"]",
      "instances": [
        {
          "schema_version": 0,
          "attributes": {
            "arn": "arn:aws:secretsmanager:us-east-1:381492092437:secret:staging-salesagent-gemini-api-key-ePNWEy",
            "has_secret_string_wo": null,
            "id": "arn:aws:secretsmanager:us-east-1:381492092437:secret:staging-salesagent-gemini-api-key-ePNWEy|terraform-20251123041320981800000005",
            "secret_binary": "",
            "secret_id": "arn:aws:secretsmanager:us-east-1:381492092437:secret:staging-salesagent-gemini-api-key-ePNWEy",
            "secret_string": "placeholder",
            "secret_string_wo": null,
            "secret_string_wo_version": null,
            "version_id": "terraform-20251123041320981800000005",
            "version_stages": [
              "AWSCURRENT"
            ]
          },
          "sensitive_attributes": [
            [
              {
                "type": "get_attr",
                "value": "secret_string"
              }
            ]
          ],
          "private": "bnVsbA==",
          "dependencies": [
            "aws_secretsmanager_secret.gemini_api_key"
          ]
        }
      ]
    },
    {
      "mode": "managed",
      "type": "aws_secretsmanager_secret_version",
      "name": "google_client_id",
      "provider": "provider[\"registry.terraform.io/hashicorp/aws\"]",
      "instances": [
        {
          "schema_version": 0,
          "attributes": {
            "arn": "arn:aws:secretsmanager:us-east-1:381492092437:secret:staging-salesagent-google-client-id-TZSOMD",
            "has_secret_string_wo": null,
            "id": "arn:aws:secretsmanager:us-east-1:381492092437:secret:staging-salesagent-google-client-id-TZSOMD|terraform-20251123041321012800000007",
            "secret_binary": "",
            "secret_id": "arn:aws:secretsmanager:us-east-1:381492092437:secret:staging-salesagent-google-client-id-TZSOMD",
            "secret_string": "placeholder",
            "secret_string_wo": null,
            "secret_string_wo_version": null,
            "version_id": "terraform-20251123041321012800000007",
            "version_stages": [
              "AWSCURRENT"
            ]
          },
          "sensitive_attributes": [
            [
              {
                "type": "get_attr",
                "value": "secret_string"
              }
            ]
          ],
          "private": "bnVsbA==",
          "dependencies": [
            "aws_secretsmanager_secret.google_client_id"
          ]
        }
      ]
    },
    {
      "mode": "managed",
      "type": "aws_secretsmanager_secret_version",
      "name": "google_client_secret",
      "provider": "provider[\"registry.terraform.io/hashicorp/aws\"]",
      "instances": [
        {
          "schema_version": 0,
          "attributes": {
            "arn": "arn:aws:secretsmanager:us-east-1:381492092437:secret:staging-salesagent-google-client-secret-aMu6oy",
            "has_secret_string_wo": null,
            "id": "arn:aws:secretsmanager:us-east-1:381492092437:secret:staging-salesagent-google-client-secret-aMu6oy|terraform-20251123041320991000000006",
            "secret_binary": "",
            "secret_id": "arn:aws:secretsmanager:us-east-1:381492092437:secret:staging-salesagent-google-client-secret-aMu6oy",
            "secret_string": "placeholder",
            "secret_string_wo": null,
            "secret_string_wo_version": null,
            "version_id": "terraform-20251123041320991000000006",
            "version_stages": [
              "AWSCURRENT"
            ]
          },
          "sensitive_attributes": [
            [
              {
                "type": "get_attr",
                "value": "secret_string"
              }
            ]
          ],
          "private": "bnVsbA==",
          "dependencies": [
            "aws_secretsmanager_secret.google_client_secret"
          ]
        }
      ]
    },
    {
      "mode": "managed",
      "type": "aws_security_group",
      "name": "alb",
      "provider": "provider[\"registry.terraform.io/hashicorp/aws\"]",
      "instances": [
        {
          "schema_version": 1,
          "attributes": {
            "arn": "arn:aws:ec2:us-east-1:381492092437:security-group/sg-073eb01f9234c0e1f",
            "description": "Security group for sales agent ALB",
            "egress": [
              {
                "cidr_blocks": [
                  "0.0.0.0/0"
                ],
                "description": "Allow all outbound",
                "from_port": 0,
                "ipv6_cidr_blocks": [],
                "prefix_list_ids": [],
                "protocol": "-1",
                "security_groups": [],
                "self": false,
                "to_port": 0
              }
            ],
            "id": "sg-073eb01f9234c0e1f",
            "ingress": [
              {
                "cidr_blocks": [
                  "0.0.0.0/0"
                ],
                "description": "Allow HTTP from internet",
                "from_port": 80,
                "ipv6_cidr_blocks": [],
                "prefix_list_ids": [],
                "protocol": "tcp",
                "security_groups": [],
                "self": false,
                "to_port": 80
              },
              {
                "cidr_blocks": [
                  "0.0.0.0/0"
                ],
                "description": "Allow HTTPS from internet",
                "from_port": 443,
                "ipv6_cidr_blocks": [],
                "prefix_list_ids": [],
                "protocol": "tcp",
                "security_groups": [],
                "self": false,
                "to_port": 443
              }
            ],
            "name": "staging-salesagent-alb-20251123041320627800000004",
            "name_prefix": "staging-salesagent-alb-",
            "owner_id": "381492092437",
            "revoke_rules_on_delete": false,
            "tags": {
              "Name": "staging-salesagent-alb-sg"
            },
            "tags_all": {
              "Environment": "staging",
              "ManagedBy": "terraform",
              "Name": "staging-salesagent-alb-sg",
              "Project": "salesagent-demo",
              "Purpose": "Newton MCP Demo"
            },
            "timeouts": null,
            "vpc_id": "vpc-0c3f93c08fc1d2530"
          },
          "sensitive_attributes": [],
          "private": "eyJlMmJmYjczMC1lY2FhLTExZTYtOGY4OC0zNDM2M2JjN2M0YzAiOnsiY3JlYXRlIjo2MDAwMDAwMDAwMDAsImRlbGV0ZSI6OTAwMDAwMDAwMDAwfSwic2NoZW1hX3ZlcnNpb24iOiIxIn0=",
          "dependencies": [
            "data.aws_vpc.newton"
          ],
          "create_before_destroy": true
        }
      ]
    },
    {
      "mode": "managed",
      "type": "aws_security_group",
      "name": "ecs_tasks",
      "provider": "provider[\"registry.terraform.io/hashicorp/aws\"]",
      "instances": [
        {
          "schema_version": 1,
          "attributes": {
            "arn": "arn:aws:ec2:us-east-1:381492092437:security-group/sg-06ce54285837ad4e2",
            "description": "Security group for sales agent ECS tasks",
            "egress": [
              {
                "cidr_blocks": [
                  "0.0.0.0/0"
                ],
                "description": "Allow all outbound",
                "from_port": 0,
                "ipv6_cidr_blocks": [],
                "prefix_list_ids": [],
                "protocol": "-1",
                "security_groups": [],
                "self": false,
                "to_port": 0
              }
            ],
            "id": "sg-06ce54285837ad4e2",
            "ingress": [
              {
                "cidr_blocks": [
                  "10.118.0.0/16"
                ],
                "description": "Allow direct MCP/Admin/A2A connections from Newton (VPC)",
                "from_port": 9580,
                "ipv6_cidr_blocks": [],
                "prefix_list_ids": [],
                "protocol": "tcp",
                "security_groups": [],
                "self": false,
                "to_port": 9591
              },
              {
                "cidr_blocks": [],
                "description": "Allow traffic from ALB",
                "from_port": 8080,
                "ipv6_cidr_blocks": [],
                "prefix_list_ids": [],
                "protocol": "tcp",
                "security_groups": [
                  "sg-073eb01f9234c0e1f"
                ],
                "self": false,
                "to_port": 8091
              }
            ],
            "name": "staging-salesagent-ecs-2025112304132346880000000a",
            "name_prefix": "staging-salesagent-ecs-",
            "owner_id": "381492092437",
            "revoke_rules_on_delete": false,
            "tags": {
              "Name": "staging-salesagent-ecs-sg"
            },
            "tags_all": {
              "Environment": "staging",
              "ManagedBy": "terraform",
              "Name": "staging-salesagent-ecs-sg",
              "Project": "salesagent-demo",
              "Purpose": "Newton MCP Demo"
            },
            "timeouts": null,
            "vpc_id": "vpc-0c3f93c08fc1d2530"
          },
          "sensitive_attributes": [],
          "private": "eyJlMmJmYjczMC1lY2FhLTExZTYtOGY4OC0zNDM2M2JjN2M0YzAiOnsiY3JlYXRlIjo2MDAwMDAwMDAwMDAsImRlbGV0ZSI6OTAwMDAwMDAwMDAwfSwic2NoZW1hX3ZlcnNpb24iOiIxIn0=",
          "dependencies": [
            "aws_security_group.alb",
            "data.aws_vpc.newton"
          ],
          "create_before_destroy": true
        }
      ]
    },
    {
      "module": "module.alb",
      "mode": "managed",
      "type": "aws_lb",
      "name": "main",
      "provider": "provider[\"registry.terraform.io/hashicorp/aws\"]",
      "instances": [
        {
          "schema_version": 0,
          "attributes": {
            "access_logs": [
              {
                "bucket": "",
                "enabled": false,
                "prefix": ""
              }
            ],
            "arn": "arn:aws:elasticloadbalancing:us-east-1:381492092437:loadbalancer/app/salesagent-staging-alb/7b807fd2306c3980",
            "arn_suffix": "app/salesagent-staging-alb/7b807fd2306c3980",
            "client_keep_alive": 3600,
            "connection_logs": [
              {
                "bucket": "",
                "enabled": false,
                "prefix": ""
              }
            ],
            "customer_owned_ipv4_pool": "",
            "desync_mitigation_mode": "defensive",
            "dns_name": "salesagent-staging-alb-1925538097.us-east-1.elb.amazonaws.com",
            "dns_record_client_routing_policy": null,
            "drop_invalid_header_fields": false,
            "enable_cross_zone_load_balancing": true,
            "enable_deletion_protection": false,
            "enable_http2": true,
            "enable_tls_version_and_cipher_suite_headers": false,
            "enable_waf_fail_open": false,
            "enable_xff_client_port": false,
            "enable_zonal_shift": false,
            "enforce_security_group_inbound_rules_on_private_link_traffic": "",
            "id": "arn:aws:elasticloadbalancing:us-east-1:381492092437:loadbalancer/app/salesagent-staging-alb/7b807fd2306c3980",
            "idle_timeout": 60,
            "internal": false,
            "ip_address_type": "ipv4",
            "ipam_pools": [],
            "load_balancer_type": "application",
            "minimum_load_balancer_capacity": [],
            "name": "salesagent-staging-alb",
            "name_prefix": "",
            "preserve_host_header": false,
            "security_groups": [
              "sg-073eb01f9234c0e1f"
            ],
            "subnet_mapping": [
              {
                "allocation_id": "",
                "ipv6_address": "",
                "outpost_id": "",
                "private_ipv4_address": "",
                "subnet_id": "subnet-01568c32396e73660"
              },
              {
                "allocation_id": "",
                "ipv6_address": "",
                "outpost_id": "",
                "private_ipv4_address": "",
                "subnet_id": "subnet-02849fd2a0f3c9fc2"
              },
              {
                "allocation_id": "",
                "ipv6_address": "",
                "outpost_id": "",
                "private_ipv4_address": "",
                "subnet_id": "subnet-04e5ded9141351a76"
              }
            ],
            "subnets": [
              "subnet-01568c32396e73660",
              "subnet-02849fd2a0f3c9fc2",
              "subnet-04e5ded9141351a76"
            ],
            "tags": {
              "Environment": "staging",
              "Name": "salesagent-staging-alb"
            },
            "tags_all": {
              "Environment": "staging",
              "ManagedBy": "terraform",
              "Name": "salesagent-staging-alb",
              "Project": "salesagent-demo",
              "Purpose": "Newton MCP Demo"
            },
            "timeouts": null,
            "vpc_id": "vpc-0c3f93c08fc1d2530",
            "xff_header_processing_mode": "append",
            "zone_id": "Z35SXDOTRQ7X7K"
          },
          "sensitive_attributes": [],
          "private": "eyJlMmJmYjczMC1lY2FhLTExZTYtOGY4OC0zNDM2M2JjN2M0YzAiOnsiY3JlYXRlIjo2MDAwMDAwMDAwMDAsImRlbGV0ZSI6NjAwMDAwMDAwMDAwLCJ1cGRhdGUiOjYwMDAwMDAwMDAwMH19",
          "dependencies": [
            "aws_security_group.alb",
            "data.aws_subnets.public",
            "data.aws_vpc.newton"
          ]
        }
      ]
    },
    {
      "module": "module.alb",
      "mode": "managed",
      "type": "aws_lb_listener",
      "name": "http",
      "provider": "provider[\"registry.terraform.io/hashicorp/aws\"]",
      "instances": [
        {
          "schema_version": 0,
          "attributes": {
            "alpn_policy": null,
            "arn": "arn:aws:elasticloadbalancing:us-east-1:381492092437:listener/app/salesagent-staging-alb/7b807fd2306c3980/fc1e689a99736964",
            "certificate_arn": null,
            "default_action": [
              {
                "authenticate_cognito": [],
                "authenticate_oidc": [],
                "fixed_response": [
                  {
                    "content_type": "text/plain",
                    "message_body": "Not found",
                    "status_code": "404"
                  }
                ],
                "forward": [],
                "order": 1,
                "redirect": [],
                "target_group_arn": "",
                "type": "fixed-response"
              }
            ],
            "id": "arn:aws:elasticloadbalancing:us-east-1:381492092437:listener/app/salesagent-staging-alb/7b807fd2306c3980/fc1e689a99736964",
            "load_balancer_arn": "arn:aws:elasticloadbalancing:us-east-1:381492092437:loadbalancer/app/salesagent-staging-alb/7b807fd2306c3980",
            "mutual_authentication": [],
            "port": 80,
            "protocol": "HTTP",
            "routing_http_request_x_amzn_mtls_clientcert_header_name": null,
            "routing_http_request_x_amzn_mtls_clientcert_issuer_header_name": null,
            "routing_http_request_x_amzn_mtls_clientcert_leaf_header_name": null,
            "routing_http_request_x_amzn_mtls_clientcert_serial_number_header_name": null,
            "routing_http_request_x_amzn_mtls_clientcert_subject_header_name": null,
            "routing_http_request_x_amzn_mtls_clientcert_validity_header_name": null,
            "routing_http_request_x_amzn_tls_cipher_suite_header_name": null,
            "routing_http_request_x_amzn_tls_version_header_name": null,
            "routing_http_response_access_control_allow_credentials_header_value": "",
            "routing_http_response_access_control_allow_headers_header_value": "",
            "routing_http_response_access_control_allow_methods_header_value": "",
            "routing_http_response_access_control_allow_origin_header_value": "",
            "routing_http_response_access_control_expose_headers_header_value": "",
            "routing_http_response_access_control_max_age_header_value": "",
            "routing_http_response_content_security_policy_header_value": "",
            "routing_http_response_server_enabled": true,
            "routing_http_response_strict_transport_security_header_value": "",
            "routing_http_response_x_content_type_options_header_value": "",
            "routing_http_response_x_frame_options_header_value": "",
            "ssl_policy": "",
            "tags": {},
            "tags_all": {
              "Environment": "staging",
              "ManagedBy": "terraform",
              "Project": "salesagent-demo",
              "Purpose": "Newton MCP Demo"
            },
            "tcp_idle_timeout_seconds": null,
            "timeouts": null
          },
          "sensitive_attributes": [],
          "private": "eyJlMmJmYjczMC1lY2FhLTExZTYtOGY4OC0zNDM2M2JjN2M0YzAiOnsiY3JlYXRlIjozMDAwMDAwMDAwMDAsInVwZGF0ZSI6MzAwMDAwMDAwMDAwfX0=",
          "dependencies": [
            "aws_security_group.alb",
            "data.aws_subnets.public",
            "data.aws_vpc.newton",
            "module.alb.aws_lb.main"
          ]
        }
      ]
    },
    {
      "module": "module.alb",
      "mode": "managed",
      "type": "aws_lb_listener_rule",
      "name": "a2a",
      "provider": "provider[\"registry.terraform.io/hashicorp/aws\"]",
      "instances": [
        {
          "schema_version": 0,
          "attributes": {
            "action": [
              {
                "authenticate_cognito": [],
                "authenticate_oidc": [],
                "fixed_response": [],
                "forward": [],
                "order": 1,
                "redirect": [],
                "target_group_arn": "arn:aws:elasticloadbalancing:us-east-1:381492092437:targetgroup/salesagent-staging-a2a/dda3236a8cc2146c",
                "type": "forward"
              }
            ],
            "arn": "arn:aws:elasticloadbalancing:us-east-1:381492092437:listener-rule/app/salesagent-staging-alb/7b807fd2306c3980/fc1e689a99736964/2bfcf008c4009dc5",
            "condition": [
              {
                "host_header": [],
                "http_header": [],
                "http_request_method": [],
                "path_pattern": [
                  {
                    "values": [
                      "/*/a2a",
                      "/*/a2a/*"
                    ]
                  }
                ],
                "query_string": [],
                "source_ip": []
              }
            ],
            "id": "arn:aws:elasticloadbalancing:us-east-1:381492092437:listener-rule/app/salesagent-staging-alb/7b807fd2306c3980/fc1e689a99736964/2bfcf008c4009dc5",
            "listener_arn": "arn:aws:elasticloadbalancing:us-east-1:381492092437:listener/app/salesagent-staging-alb/7b807fd2306c3980/fc1e689a99736964",
            "priority": 300,
            "tags": {},
            "tags_all": {
              "Environment": "staging",
              "ManagedBy": "terraform",
              "Project": "salesagent-demo",
              "Purpose": "Newton MCP Demo"
            }
          },
          "sensitive_attributes": [],
          "private": "bnVsbA==",
          "dependencies": [
            "aws_security_group.alb",
            "data.aws_subnets.public",
            "data.aws_vpc.newton",
            "module.alb.aws_lb.main",
            "module.alb.aws_lb_listener.http",
            "module.alb.aws_lb_target_group.a2a"
          ]
        }
      ]
    },
    {
      "module": "module.alb",
      "mode": "managed",
      "type": "aws_lb_listener_rule",
      "name": "admin",
      "provider": "provider[\"registry.terraform.io/hashicorp/aws\"]",
      "instances": [
        {
          "schema_version": 0,
          "attributes": {
            "action": [
              {
                "authenticate_cognito": [],
                "authenticate_oidc": [],
                "fixed_response": [],
                "forward": [],
                "order": 1,
                "redirect": [],
                "target_group_arn": "arn:aws:elasticloadbalancing:us-east-1:381492092437:targetgroup/salesagent-staging-admin/67f9964b24b337d7",
                "type": "forward"
              }
            ],
            "arn": "arn:aws:elasticloadbalancing:us-east-1:381492092437:listener-rule/app/salesagent-staging-alb/7b807fd2306c3980/fc1e689a99736964/a16fcc0328185e35",
            "condition": [
              {
                "host_header": [],
                "http_header": [],
                "http_request_method": [],
                "path_pattern": [
                  {
                    "values": [
                      "/*/admin",
                      "/*/admin/*"
                    ]
                  }
                ],
                "query_string": [],
                "source_ip": []
              }
            ],
            "id": "arn:aws:elasticloadbalancing:us-east-1:381492092437:listener-rule/app/salesagent-staging-alb/7b807fd2306c3980/fc1e689a99736964/a16fcc0328185e35",
            "listener_arn": "arn:aws:elasticloadbalancing:us-east-1:381492092437:listener/app/salesagent-staging-alb/7b807fd2306c3980/fc1e689a99736964",
            "priority": 200,
            "tags": {},
            "tags_all": {
              "Environment": "staging",
              "ManagedBy": "terraform",
              "Project": "salesagent-demo",
              "Purpose": "Newton MCP Demo"
            }
          },
          "sensitive_attributes": [],
          "private": "bnVsbA==",
          "dependencies": [
            "aws_security_group.alb",
            "data.aws_subnets.public",
            "data.aws_vpc.newton",
            "module.alb.aws_lb.main",
            "module.alb.aws_lb_listener.http",
            "module.alb.aws_lb_target_group.admin"
          ]
        }
      ]
    },
    {
      "module": "module.alb",
      "mode": "managed",
      "type": "aws_lb_listener_rule",
      "name": "mcp",
      "provider": "provider[\"registry.terraform.io/hashicorp/aws\"]",
      "instances": [
        {
          "schema_version": 0,
          "attributes": {
            "action": [
              {
                "authenticate_cognito": [],
                "authenticate_oidc": [],
                "fixed_response": [],
                "forward": [],
                "order": 1,
                "redirect": [],
                "target_group_arn": "arn:aws:elasticloadbalancing:us-east-1:381492092437:targetgroup/salesagent-staging-mcp/56eba73972b52788",
                "type": "forward"
              }
            ],
            "arn": "arn:aws:elasticloadbalancing:us-east-1:381492092437:listener-rule/app/salesagent-staging-alb/7b807fd2306c3980/fc1e689a99736964/70c7a7e28d828087",
            "condition": [
              {
                "host_header": [],
                "http_header": [],
                "http_request_method": [],
                "path_pattern": [
                  {
                    "values": [
                      "/*/mcp",
                      "/*/mcp/*"
                    ]
                  }
                ],
                "query_string": [],
                "source_ip": []
              }
            ],
            "id": "arn:aws:elasticloadbalancing:us-east-1:381492092437:listener-rule/app/salesagent-staging-alb/7b807fd2306c3980/fc1e689a99736964/70c7a7e28d828087",
            "listener_arn": "arn:aws:elasticloadbalancing:us-east-1:381492092437:listener/app/salesagent-staging-alb/7b807fd2306c3980/fc1e689a99736964",
            "priority": 100,
            "tags": {},
            "tags_all": {
              "Environment": "staging",
              "ManagedBy": "terraform",
              "Project": "salesagent-demo",
              "Purpose": "Newton MCP Demo"
            }
          },
          "sensitive_attributes": [],
          "private": "bnVsbA==",
          "dependencies": [
            "aws_security_group.alb",
            "data.aws_subnets.public",
            "data.aws_vpc.newton",
            "module.alb.aws_lb.main",
            "module.alb.aws_lb_listener.http",
            "module.alb.aws_lb_target_group.mcp"
          ]
        }
      ]
    },
    {
      "module": "module.alb",
      "mode": "managed",
      "type": "aws_lb_target_group",
      "name": "a2a",
      "provider": "provider[\"registry.terraform.io/hashicorp/aws\"]",
      "instances": [
        {
          "schema_version": 0,
          "attributes": {
            "arn": "arn:aws:elasticloadbalancing:us-east-1:381492092437:targetgroup/salesagent-staging-a2a/dda3236a8cc2146c",
            "arn_suffix": "targetgroup/salesagent-staging-a2a/dda3236a8cc2146c",
            "connection_termination": null,
            "deregistration_delay": "300",
            "health_check": [
              {
                "enabled": true,
                "healthy_threshold": 2,
                "interval": 30,
                "matcher": "200",
                "path": "/health",
                "port": "traffic-port",
                "protocol": "HTTP",
                "timeout": 5,
                "unhealthy_threshold": 2
              }
            ],
            "id": "arn:aws:elasticloadbalancing:us-east-1:381492092437:targetgroup/salesagent-staging-a2a/dda3236a8cc2146c",
            "ip_address_type": "ipv4",
            "lambda_multi_value_headers_enabled": false,
            "load_balancer_arns": [
              "arn:aws:elasticloadbalancing:us-east-1:381492092437:loadbalancer/app/salesagent-staging-alb/7b807fd2306c3980"
            ],
            "load_balancing_algorithm_type": "round_robin",
            "load_balancing_anomaly_mitigation": "off",
            "load_balancing_cross_zone_enabled": "use_load_balancer_configuration",
            "name": "salesagent-staging-a2a",
            "name_prefix": "",
            "port": 9591,
            "preserve_client_ip": null,
            "protocol": "HTTP",
            "protocol_version": "HTTP1",
            "proxy_protocol_v2": false,
            "slow_start": 0,
            "stickiness": [
              {
                "cookie_duration": 86400,
                "cookie_name": "",
                "enabled": false,
                "type": "lb_cookie"
              }
            ],
            "tags": {
              "Environment": "staging",
              "Name": "salesagent-staging-a2a"
            },
            "tags_all": {
              "Environment": "staging",
              "ManagedBy": "terraform",
              "Name": "salesagent-staging-a2a",
              "Project": "salesagent-demo",
              "Purpose": "Newton MCP Demo"
            },
            "target_failover": [
              {
                "on_deregistration": null,
                "on_unhealthy": null
              }
            ],
            "target_group_health": [
              {
                "dns_failover": [
                  {
                    "minimum_healthy_targets_count": "1",
                    "minimum_healthy_targets_percentage": "off"
                  }
                ],
                "unhealthy_state_routing": [
                  {
                    "minimum_healthy_targets_count": 1,
                    "minimum_healthy_targets_percentage": "off"
                  }
                ]
              }
            ],
            "target_health_state": [
              {
                "enable_unhealthy_connection_termination": null,
                "unhealthy_draining_interval": null
              }
            ],
            "target_type": "ip",
            "vpc_id": "vpc-0c3f93c08fc1d2530"
          },
          "sensitive_attributes": [],
          "private": "bnVsbA==",
          "dependencies": [
            "data.aws_vpc.newton"
          ]
        }
      ]
    },
    {
      "module": "module.alb",
      "mode": "managed",
      "type": "aws_lb_target_group",
      "name": "admin",
      "provider": "provider[\"registry.terraform.io/hashicorp/aws\"]",
      "instances": [
        {
          "schema_version": 0,
          "attributes": {
            "arn": "arn:aws:elasticloadbalancing:us-east-1:381492092437:targetgroup/salesagent-staging-admin/67f9964b24b337d7",
            "arn_suffix": "targetgroup/salesagent-staging-admin/67f9964b24b337d7",
            "connection_termination": null,
            "deregistration_delay": "300",
            "health_check": [
              {
                "enabled": true,
                "healthy_threshold": 2,
                "interval": 30,
                "matcher": "200",
                "path": "/health",
                "port": "traffic-port",
                "protocol": "HTTP",
                "timeout": 5,
                "unhealthy_threshold": 2
              }
            ],
            "id": "arn:aws:elasticloadbalancing:us-east-1:381492092437:targetgroup/salesagent-staging-admin/67f9964b24b337d7",
            "ip_address_type": "ipv4",
            "lambda_multi_value_headers_enabled": false,
            "load_balancer_arns": [
              "arn:aws:elasticloadbalancing:us-east-1:381492092437:loadbalancer/app/salesagent-staging-alb/7b807fd2306c3980"
            ],
            "load_balancing_algorithm_type": "round_robin",
            "load_balancing_anomaly_mitigation": "off",
            "load_balancing_cross_zone_enabled": "use_load_balancer_configuration",
            "name": "salesagent-staging-admin",
            "name_prefix": "",
            "port": 9501,
            "preserve_client_ip": null,
            "protocol": "HTTP",
            "protocol_version": "HTTP1",
            "proxy_protocol_v2": false,
            "slow_start": 0,
            "stickiness": [
              {
                "cookie_duration": 86400,
                "cookie_name": "",
                "enabled": false,
                "type": "lb_cookie"
              }
            ],
            "tags": {
              "Environment": "staging",
              "Name": "salesagent-staging-admin"
            },
            "tags_all": {
              "Environment": "staging",
              "ManagedBy": "terraform",
              "Name": "salesagent-staging-admin",
              "Project": "salesagent-demo",
              "Purpose": "Newton MCP Demo"
            },
            "target_failover": [
              {
                "on_deregistration": null,
                "on_unhealthy": null
              }
            ],
            "target_group_health": [
              {
                "dns_failover": [
                  {
                    "minimum_healthy_targets_count": "1",
                    "minimum_healthy_targets_percentage": "off"
                  }
                ],
                "unhealthy_state_routing": [
                  {
                    "minimum_healthy_targets_count": 1,
                    "minimum_healthy_targets_percentage": "off"
                  }
                ]
              }
            ],
            "target_health_state": [
              {
                "enable_unhealthy_connection_termination": null,
                "unhealthy_draining_interval": null
              }
            ],
            "target_type": "ip",
            "vpc_id": "vpc-0c3f93c08fc1d2530"
          },
          "sensitive_attributes": [],
          "private": "bnVsbA==",
          "dependencies": [
            "data.aws_vpc.newton"
          ]
        }
      ]
    },
    {
      "module": "module.alb",
      "mode": "managed",
      "type": "aws_lb_target_group",
      "name": "mcp",
      "provider": "provider[\"registry.terraform.io/hashicorp/aws\"]",
      "instances": [
        {
          "schema_version": 0,
          "attributes": {
            "arn": "arn:aws:elasticloadbalancing:us-east-1:381492092437:targetgroup/salesagent-staging-mcp/56eba73972b52788",
            "arn_suffix": "targetgroup/salesagent-staging-mcp/56eba73972b52788",
            "connection_termination": null,
            "deregistration_delay": "300",
            "health_check": [
              {
                "enabled": true,
                "healthy_threshold": 2,
                "interval": 30,
                "matcher": "200",
                "path": "/health",
                "port": "traffic-port",
                "protocol": "HTTP",
                "timeout": 5,
                "unhealthy_threshold": 2
              }
            ],
            "id": "arn:aws:elasticloadbalancing:us-east-1:381492092437:targetgroup/salesagent-staging-mcp/56eba73972b52788",
            "ip_address_type": "ipv4",
            "lambda_multi_value_headers_enabled": false,
            "load_balancer_arns": [
              "arn:aws:elasticloadbalancing:us-east-1:381492092437:loadbalancer/app/salesagent-staging-alb/7b807fd2306c3980"
            ],
            "load_balancing_algorithm_type": "round_robin",
            "load_balancing_anomaly_mitigation": "off",
            "load_balancing_cross_zone_enabled": "use_load_balancer_configuration",
            "name": "salesagent-staging-mcp",
            "name_prefix": "",
            "port": 9580,
            "preserve_client_ip": null,
            "protocol": "HTTP",
            "protocol_version": "HTTP1",
            "proxy_protocol_v2": false,
            "slow_start": 0,
            "stickiness": [
              {
                "cookie_duration": 86400,
                "cookie_name": "",
                "enabled": false,
                "type": "lb_cookie"
              }
            ],
            "tags": {
              "Environment": "staging",
              "Name": "salesagent-staging-mcp"
            },
            "tags_all": {
              "Environment": "staging",
              "ManagedBy": "terraform",
              "Name": "salesagent-staging-mcp",
              "Project": "salesagent-demo",
              "Purpose": "Newton MCP Demo"
            },
            "target_failover": [
              {
                "on_deregistration": null,
                "on_unhealthy": null
              }
            ],
            "target_group_health": [
              {
                "dns_failover": [
                  {
                    "minimum_healthy_targets_count": "1",
                    "minimum_healthy_targets_percentage": "off"
                  }
                ],
                "unhealthy_state_routing": [
                  {
                    "minimum_healthy_targets_count": 1,
                    "minimum_healthy_targets_percentage": "off"
                  }
                ]
              }
            ],
            "target_health_state": [
              {
                "enable_unhealthy_connection_termination": null,
                "unhealthy_draining_interval": null
              }
            ],
            "target_type": "ip",
            "vpc_id": "vpc-0c3f93c08fc1d2530"
          },
          "sensitive_attributes": [],
          "private": "bnVsbA==",
          "dependencies": [
            "data.aws_vpc.newton"
          ]
        }
      ]
    },
    {
      "module": "module.database",
      "mode": "managed",
      "type": "aws_db_instance",
      "name": "main",
      "provider": "provider[\"registry.terraform.io/hashicorp/aws\"]",
      "instances": [
        {
          "schema_version": 2,
          "attributes": {
            "address": "staging-salesagent-db.c96wsm4kko25.us-east-1.rds.amazonaws.com",
            "allocated_storage": 20,
            "allow_major_version_upgrade": null,
            "apply_immediately": false,
            "arn": "arn:aws:rds:us-east-1:381492092437:db:staging-salesagent-db",
            "auto_minor_version_upgrade": true,
            "availability_zone": "us-east-1a",
            "backup_retention_period": 7,
            "backup_target": "region",
            "backup_window": "03:00-04:00",
            "blue_green_update": [],
            "ca_cert_identifier": "rds-ca-rsa2048-g1",
            "character_set_name": "",
            "copy_tags_to_snapshot": false,
            "custom_iam_instance_profile": "",
            "customer_owned_ip_enabled": false,
            "database_insights_mode": "standard",
            "db_name": "salesagent",
            "db_subnet_group_name": "staging-salesagent-db-subnet",
            "dedicated_log_volume": false,
            "delete_automated_backups": true,
            "deletion_protection": false,
            "domain": "",
            "domain_auth_secret_arn": "",
            "domain_dns_ips": [],
            "domain_fqdn": "",
            "domain_iam_role_name": "",
            "domain_ou": "",
            "enabled_cloudwatch_logs_exports": [
              "postgresql",
              "upgrade"
            ],
            "endpoint": "staging-salesagent-db.c96wsm4kko25.us-east-1.rds.amazonaws.com:5432",
            "engine": "postgres",
            "engine_lifecycle_support": "open-source-rds-extended-support",
            "engine_version": "15.15",
            "engine_version_actual": "15.15",
            "final_snapshot_identifier": null,
            "hosted_zone_id": "Z2R2ITUGPM61AM",
            "iam_database_authentication_enabled": false,
            "id": "db-PKICMTBECBGED73TTRE4D4HCNU",
            "identifier": "staging-salesagent-db",
            "identifier_prefix": "",
            "instance_class": "db.t4g.micro",
            "iops": 3000,
            "kms_key_id": "arn:aws:kms:us-east-1:381492092437:key/329860ce-4330-4b1d-b7eb-bc781409c817",
            "latest_restorable_time": "2025-11-25T21:04:34Z",
            "license_model": "postgresql-license",
            "listener_endpoint": [],
            "maintenance_window": "sun:04:00-sun:05:00",
            "manage_master_user_password": null,
            "master_user_secret": [],
            "master_user_secret_kms_key_id": null,
            "max_allocated_storage": 40,
            "monitoring_interval": 60,
            "monitoring_role_arn": "arn:aws:iam::381492092437:role/staging-rds-monitoring-role",
            "multi_az": false,
            "nchar_character_set_name": "",
            "network_type": "IPV4",
            "option_group_name": "default:postgres-15",
            "parameter_group_name": "default.postgres15",
            "password": "SalesAgent2024Demo!",
            "password_wo": null,
            "password_wo_version": null,
            "performance_insights_enabled": true,
            "performance_insights_kms_key_id": "arn:aws:kms:us-east-1:381492092437:key/329860ce-4330-4b1d-b7eb-bc781409c817",
            "performance_insights_retention_period": 7,
            "port": 5432,
            "publicly_accessible": false,
            "replica_mode": "",
            "replicas": [],
            "replicate_source_db": "",
            "resource_id": "db-PKICMTBECBGED73TTRE4D4HCNU",
            "restore_to_point_in_time": [],
            "s3_import": [],
            "skip_final_snapshot": true,
            "snapshot_identifier": null,
            "status": "available",
            "storage_encrypted": true,
            "storage_throughput": 125,
            "storage_type": "gp3",
            "tags": {
              "Name": "staging-salesagent-db"
            },
            "tags_all": {
              "Environment": "staging",
              "ManagedBy": "terraform",
              "Name": "staging-salesagent-db",
              "Project": "salesagent-demo",
              "Purpose": "Newton MCP Demo"
            },
            "timeouts": null,
            "timezone": "",
            "upgrade_storage_config": null,
            "username": "salesagent",
            "vpc_security_group_ids": [
              "sg-0f648b2522a7df578"
            ]
          },
          "sensitive_attributes": [
            [
              {
                "type": "get_attr",
                "value": "password"
              }
            ]
          ],
          "private": "eyJlMmJmYjczMC1lY2FhLTExZTYtOGY4OC0zNDM2M2JjN2M0YzAiOnsiY3JlYXRlIjozMDAwMDAwMDAwMDAwLCJkZWxldGUiOjM2MDAwMDAwMDAwMDAsInVwZGF0ZSI6NDgwMDAwMDAwMDAwMH0sInNjaGVtYV92ZXJzaW9uIjoiMiJ9",
          "dependencies": [
            "aws_security_group.alb",
            "aws_security_group.ecs_tasks",
            "data.aws_subnets.private",
            "data.aws_vpc.newton",
            "module.database.aws_db_subnet_group.main",
            "module.database.aws_iam_role.rds_monitoring",
            "module.database.aws_security_group.rds"
          ]
        }
      ]
    },
    {
      "module": "module.database",
      "mode": "managed",
      "type": "aws_db_subnet_group",
      "name": "main",
      "provider": "provider[\"registry.terraform.io/hashicorp/aws\"]",
      "instances": [
        {
          "schema_version": 0,
          "attributes": {
            "arn": "arn:aws:rds:us-east-1:381492092437:subgrp:staging-salesagent-db-subnet",
            "description": "Managed by Terraform",
            "id": "staging-salesagent-db-subnet",
            "name": "staging-salesagent-db-subnet",
            "name_prefix": "",
            "subnet_ids": [
              "subnet-065023c1336d4c9f4",
              "subnet-0c91a5b370ff9e602",
              "subnet-0dc813a47980eb5de"
            ],
            "supported_network_types": [
              "IPV4"
            ],
            "tags": {
              "Name": "staging-db-subnet-group"
            },
            "tags_all": {
              "Environment": "staging",
              "ManagedBy": "terraform",
              "Name": "staging-db-subnet-group",
              "Project": "salesagent-demo",
              "Purpose": "Newton MCP Demo"
            },
            "vpc_id": "vpc-0c3f93c08fc1d2530"
          },
          "sensitive_attributes": [],
          "private": "bnVsbA==",
          "dependencies": [
            "data.aws_subnets.private",
            "data.aws_vpc.newton"
          ]
        }
      ]
    },
    {
      "module": "module.database",
      "mode": "managed",
      "type": "aws_iam_role",
      "name": "rds_monitoring",
      "provider": "provider[\"registry.terraform.io/hashicorp/aws\"]",
      "instances": [
        {
          "schema_version": 0,
          "attributes": {
            "arn": "arn:aws:iam::381492092437:role/staging-rds-monitoring-role",
            "assume_role_policy": "{\"Statement\":[{\"Action\":\"sts:AssumeRole\",\"Effect\":\"Allow\",\"Principal\":{\"Service\":\"monitoring.rds.amazonaws.com\"}}],\"Version\":\"2012-10-17\"}",
            "create_date": "2025-11-23T04:13:20Z",
            "description": "",
            "force_detach_policies": false,
            "id": "staging-rds-monitoring-role",
            "inline_policy": [],
            "managed_policy_arns": [
              "arn:aws:iam::aws:policy/service-role/AmazonRDSEnhancedMonitoringRole"
            ],
            "max_session_duration": 3600,
            "name": "staging-rds-monitoring-role",
            "name_prefix": "",
            "path": "/",
            "permissions_boundary": "",
            "tags": {},
            "tags_all": {
              "Environment": "staging",
              "ManagedBy": "terraform",
              "Project": "salesagent-demo",
              "Purpose": "Newton MCP Demo"
            },
            "unique_id": "AROAVRUVTLYKRRRSQ64VO"
          },
          "sensitive_attributes": [],
          "private": "bnVsbA=="
        }
      ]
    },
    {
      "module": "module.database",
      "mode": "managed",
      "type": "aws_iam_role_policy_attachment",
      "name": "rds_monitoring",
      "provider": "provider[\"registry.terraform.io/hashicorp/aws\"]",
      "instances": [
        {
          "schema_version": 0,
          "attributes": {
            "id": "staging-rds-monitoring-role-20251123041321124100000008",
            "policy_arn": "arn:aws:iam::aws:policy/service-role/AmazonRDSEnhancedMonitoringRole",
            "role": "staging-rds-monitoring-role"
          },
          "sensitive_attributes": [],
          "private": "bnVsbA==",
          "dependencies": [
            "module.database.aws_iam_role.rds_monitoring"
          ]
        }
      ]
    },
    {
      "module": "module.database",
      "mode": "managed",
      "type": "aws_security_group",
      "name": "rds",
      "provider": "provider[\"registry.terraform.io/hashicorp/aws\"]",
      "instances": [
        {
          "schema_version": 1,
          "attributes": {
            "arn": "arn:aws:ec2:us-east-1:381492092437:security-group/sg-0f648b2522a7df578",
            "description": "Security group for RDS PostgreSQL",
            "egress": [
              {
                "cidr_blocks": [
                  "0.0.0.0/0"
                ],
                "description": "",
                "from_port": 0,
                "ipv6_cidr_blocks": [],
                "prefix_list_ids": [],
                "protocol": "-1",
                "security_groups": [],
                "self": false,
                "to_port": 0
              }
            ],
            "id": "sg-0f648b2522a7df578",
            "ingress": [
              {
                "cidr_blocks": [],
                "description": "PostgreSQL from ECS tasks",
                "from_port": 5432,
                "ipv6_cidr_blocks": [],
                "prefix_list_ids": [],
                "protocol": "tcp",
                "security_groups": [
                  "sg-06ce54285837ad4e2"
                ],
                "self": false,
                "to_port": 5432
              }
            ],
            "name": "staging-rds-2025112304132620260000000b",
            "name_prefix": "staging-rds-",
            "owner_id": "381492092437",
            "revoke_rules_on_delete": false,
            "tags": {
              "Name": "staging-rds-sg"
            },
            "tags_all": {
              "Environment": "staging",
              "ManagedBy": "terraform",
              "Name": "staging-rds-sg",
              "Project": "salesagent-demo",
              "Purpose": "Newton MCP Demo"
            },
            "timeouts": null,
            "vpc_id": "vpc-0c3f93c08fc1d2530"
          },
          "sensitive_attributes": [],
          "private": "eyJlMmJmYjczMC1lY2FhLTExZTYtOGY4OC0zNDM2M2JjN2M0YzAiOnsiY3JlYXRlIjo2MDAwMDAwMDAwMDAsImRlbGV0ZSI6OTAwMDAwMDAwMDAwfSwic2NoZW1hX3ZlcnNpb24iOiIxIn0=",
          "dependencies": [
            "aws_security_group.alb",
            "aws_security_group.ecs_tasks",
            "data.aws_vpc.newton"
          ],
          "create_before_destroy": true
        }
      ]
    },
    {
      "module": "module.ecs_cnn",
      "mode": "managed",
      "type": "aws_cloudwatch_log_group",
      "name": "ecs",
      "provider": "provider[\"registry.terraform.io/hashicorp/aws\"]",
      "instances": [
        {
          "schema_version": 0,
          "attributes": {
            "arn": "arn:aws:logs:us-east-1:381492092437:log-group:/ecs/salesagent-cnn",
            "id": "/ecs/salesagent-cnn",
            "kms_key_id": "",
            "log_group_class": "STANDARD",
            "name": "/ecs/salesagent-cnn",
            "name_prefix": "",
            "retention_in_days": 7,
            "skip_destroy": false,
            "tags": {
              "Environment": "cnn",
              "Name": "salesagent-cnn-logs"
            },
            "tags_all": {
              "Environment": "cnn",
              "ManagedBy": "terraform",
              "Name": "salesagent-cnn-logs",
              "Project": "salesagent-demo",
              "Purpose": "Newton MCP Demo"
            }
          },
          "sensitive_attributes": [],
          "private": "bnVsbA=="
        }
      ]
    },
    {
      "module": "module.ecs_cnn",
      "mode": "managed",
      "type": "aws_ecs_cluster",
      "name": "main",
      "provider": "provider[\"registry.terraform.io/hashicorp/aws\"]",
      "instances": [
        {
          "schema_version": 0,
          "attributes": {
            "arn": "arn:aws:ecs:us-east-1:381492092437:cluster/salesagent-cnn",
            "configuration": [],
            "id": "arn:aws:ecs:us-east-1:381492092437:cluster/salesagent-cnn",
            "name": "salesagent-cnn",
            "service_connect_defaults": [],
            "setting": [
              {
                "name": "containerInsights",
                "value": "disabled"
              }
            ],
            "tags": {
              "Environment": "cnn",
              "Name": "salesagent-cnn"
            },
            "tags_all": {
              "Environment": "cnn",
              "ManagedBy": "terraform",
              "Name": "salesagent-cnn",
              "Project": "salesagent-demo",
              "Purpose": "Newton MCP Demo"
            }
          },
          "sensitive_attributes": [],
          "private": "bnVsbA=="
        }
      ]
    },
    {
      "module": "module.ecs_cnn",
      "mode": "managed",
      "type": "aws_ecs_service",
      "name": "salesagent",
      "provider": "provider[\"registry.terraform.io/hashicorp/aws\"]",
      "instances": [
        {
          "schema_version": 1,
          "attributes": {
            "alarms": [],
            "availability_zone_rebalancing": "DISABLED",
            "capacity_provider_strategy": [],
            "cluster": "arn:aws:ecs:us-east-1:381492092437:cluster/salesagent-cnn",
            "deployment_circuit_breaker": [
              {
                "enable": false,
                "rollback": false
              }
            ],
            "deployment_controller": [
              {
                "type": "ECS"
              }
            ],
            "deployment_maximum_percent": 200,
            "deployment_minimum_healthy_percent": 100,
            "desired_count": 1,
            "enable_ecs_managed_tags": false,
            "enable_execute_command": false,
            "force_delete": null,
            "force_new_deployment": null,
            "health_check_grace_period_seconds": 0,
            "iam_role": "/aws-service-role/ecs.amazonaws.com/AWSServiceRoleForECS",
            "id": "arn:aws:ecs:us-east-1:381492092437:service/salesagent-cnn/salesagent-cnn",
            "launch_type": "FARGATE",
            "load_balancer": [],
            "name": "salesagent-cnn",
            "network_configuration": [
              {
                "assign_public_ip": false,
                "security_groups": [
                  "sg-06ce54285837ad4e2"
                ],
                "subnets": [
                  "subnet-065023c1336d4c9f4",
                  "subnet-0c91a5b370ff9e602",
                  "subnet-0dc813a47980eb5de"
                ]
              }
            ],
            "ordered_placement_strategy": [],
            "placement_constraints": [],
            "platform_version": "LATEST",
            "propagate_tags": "NONE",
            "scheduling_strategy": "REPLICA",
            "service_connect_configuration": [],
            "service_registries": [],
            "tags": {
              "Environment": "cnn",
              "Name": "salesagent-cnn"
            },
            "tags_all": {
              "Environment": "cnn",
              "ManagedBy": "terraform",
              "Name": "salesagent-cnn",
              "Project": "salesagent-demo",
              "Purpose": "Newton MCP Demo"
            },
            "task_definition": "arn:aws:ecs:us-east-1:381492092437:task-definition/salesagent-cnn:2",
            "timeouts": null,
            "triggers": {},
            "volume_configuration": [],
            "vpc_lattice_configurations": [],
            "wait_for_steady_state": false
          },
          "sensitive_attributes": [],
          "private": "eyJlMmJmYjczMC1lY2FhLTExZTYtOGY4OC0zNDM2M2JjN2M0YzAiOnsiY3JlYXRlIjoxMjAwMDAwMDAwMDAwLCJkZWxldGUiOjEyMDAwMDAwMDAwMDAsInVwZGF0ZSI6MTIwMDAwMDAwMDAwMH0sInNjaGVtYV92ZXJzaW9uIjoiMSJ9",
          "dependencies": [
            "aws_secretsmanager_secret.gemini_api_key",
            "aws_secretsmanager_secret.google_client_id",
            "aws_secretsmanager_secret.google_client_secret",
            "aws_security_group.alb",
            "aws_security_group.ecs_tasks",
            "data.aws_subnets.private",
            "data.aws_vpc.newton",
            "module.database.aws_db_instance.main",
            "module.database.aws_db_subnet_group.main",
            "module.database.aws_iam_role.rds_monitoring",
            "module.database.aws_security_group.rds",
            "module.ecs_cnn.aws_cloudwatch_log_group.ecs",
            "module.ecs_cnn.aws_ecs_cluster.main",
            "module.ecs_cnn.aws_ecs_task_definition.salesagent",
            "module.ecs_cnn.aws_iam_role.ecs_task",
            "module.ecs_cnn.aws_iam_role.ecs_task_execution",
            "module.ecs_cnn.aws_iam_role_policy_attachment.ecs_task_execution",
            "module.ecs_cnn.aws_service_discovery_private_dns_namespace.salesagent",
            "module.ecs_cnn.aws_service_discovery_service.tenant"
          ]
        }
      ]
    },
    {
      "module": "module.ecs_cnn",
      "mode": "managed",
      "type": "aws_ecs_task_definition",
      "name": "salesagent",
      "provider": "provider[\"registry.terraform.io/hashicorp/aws\"]",
      "instances": [
        {
          "schema_version": 1,
          "attributes": {
            "arn": "arn:aws:ecs:us-east-1:381492092437:task-definition/salesagent-cnn:2",
            "arn_without_revision": "arn:aws:ecs:us-east-1:381492092437:task-definition/salesagent-cnn",
            "container_definitions": "[{\"environment\":[{\"name\":\"A2A_PORT\",\"value\":\"9591\"},{\"name\":\"ADCP_DEMO_MODE\",\"value\":\"true\"},{\"name\":\"ADCP_HOST\",\"value\":\"0.0.0.0\"},{\"name\":\"ADCP_PORT\",\"value\":\"9580\"},{\"name\":\"ADCP_TESTING\",\"value\":\"true\"},{\"name\":\"ADCP_TEST_PRINCIPAL_ID\",\"value\":\"cocacola\"},{\"name\":\"ADCP_TEST_TENANT_ID\",\"value\":\"cnn\"},{\"name\":\"ADMIN_UI_PORT\",\"value\":\"9501\"},{\"name\":\"DATABASE_URL\",\"value\":\"postgresql://salesagent:SalesAgent2024Demo!@staging-salesagent-db.c96wsm4kko25.us-east-1.rds.amazonaws.com:5432/salesagent\"},{\"name\":\"ENVIRONMENT\",\"value\":\"production\"},{\"name\":\"SUPER_ADMIN_EMAILS\",\"value\":\"admin@example.com\"}],\"essential\":true,\"image\":\"381492092437.dkr.ecr.us-east-1.amazonaws.com/salesagent-staging:latest\",\"logConfiguration\":{\"logDriver\":\"awslogs\",\"options\":{\"awslogs-group\":\"/ecs/salesagent-cnn\",\"awslogs-region\":\"us-east-1\",\"awslogs-stream-prefix\":\"ecs\"}},\"mountPoints\":[],\"name\":\"salesagent-cnn\",\"portMappings\":[{\"containerPort\":9580,\"hostPort\":9580,\"protocol\":\"tcp\"},{\"containerPort\":9501,\"hostPort\":9501,\"protocol\":\"tcp\"},{\"containerPort\":9591,\"hostPort\":9591,\"protocol\":\"tcp\"}],\"secrets\":[{\"name\":\"GEMINI_API_KEY\",\"valueFrom\":\"arn:aws:secretsmanager:us-east-1:381492092437:secret:staging-salesagent-gemini-api-key-ePNWEy\"},{\"name\":\"GOOGLE_CLIENT_ID\",\"valueFrom\":\"arn:aws:secretsmanager:us-east-1:381492092437:secret:staging-salesagent-google-client-id-TZSOMD\"},{\"name\":\"GOOGLE_CLIENT_SECRET\",\"valueFrom\":\"arn:aws:secretsmanager:us-east-1:381492092437:secret:staging-salesagent-google-client-secret-aMu6oy\"}],\"systemControls\":[],\"volumesFrom\":[]}]",
            "cpu": "512",
            "enable_fault_injection": false,
            "ephemeral_storage": [],
            "execution_role_arn": "arn:aws:iam::381492092437:role/salesagent-cnn-ecs-task-execution",
            "family": "salesagent-cnn",
            "id": "salesagent-cnn",
            "inference_accelerator": [],
            "ipc_mode": "",
            "memory": "1024",
            "network_mode": "awsvpc",
            "pid_mode": "",
            "placement_constraints": [],
            "proxy_configuration": [],
            "requires_compatibilities": [
              "FARGATE"
            ],
            "revision": 2,
            "runtime_platform": [],
            "skip_destroy": false,
            "tags": {
              "Environment": "cnn",
              "Name": "salesagent-cnn"
            },
            "tags_all": {
              "Environment": "cnn",
              "ManagedBy": "terraform",
              "Name": "salesagent-cnn",
              "Project": "salesagent-demo",
              "Purpose": "Newton MCP Demo"
            },
            "task_role_arn": "arn:aws:iam::381492092437:role/salesagent-cnn-ecs-task",
            "track_latest": false,
            "volume": []
          },
          "sensitive_attributes": [
            [
              {
                "type": "get_attr",
                "value": "container_definitions"
              }
            ]
          ],
          "private": "eyJzY2hlbWFfdmVyc2lvbiI6IjEifQ==",
          "dependencies": [
            "aws_secretsmanager_secret.gemini_api_key",
            "aws_secretsmanager_secret.google_client_id",
            "aws_secretsmanager_secret.google_client_secret",
            "aws_security_group.alb",
            "aws_security_group.ecs_tasks",
            "data.aws_subnets.private",
            "data.aws_vpc.newton",
            "module.database.aws_db_instance.main",
            "module.database.aws_db_subnet_group.main",
            "module.database.aws_iam_role.rds_monitoring",
            "module.database.aws_security_group.rds",
            "module.ecs_cnn.aws_cloudwatch_log_group.ecs",
            "module.ecs_cnn.aws_iam_role.ecs_task",
            "module.ecs_cnn.aws_iam_role.ecs_task_execution"
          ]
        }
      ]
    },
    {
      "module": "module.ecs_cnn",
      "mode": "managed",
      "type": "aws_iam_role",
      "name": "ecs_task",
      "provider": "provider[\"registry.terraform.io/hashicorp/aws\"]",
      "instances": [
        {
          "schema_version": 0,
          "attributes": {
            "arn": "arn:aws:iam::381492092437:role/salesagent-cnn-ecs-task",
            "assume_role_policy": "{\"Statement\":[{\"Action\":\"sts:AssumeRole\",\"Effect\":\"Allow\",\"Principal\":{\"Service\":\"ecs-tasks.amazonaws.com\"}}],\"Version\":\"2012-10-17\"}",
            "create_date": "2025-11-23T21:25:21Z",
            "description": "",
            "force_detach_policies": false,
            "id": "salesagent-cnn-ecs-task",
            "inline_policy": [],
            "managed_policy_arns": [],
            "max_session_duration": 3600,
            "name": "salesagent-cnn-ecs-task",
            "name_prefix": "",
            "path": "/",
            "permissions_boundary": "",
            "tags": {
              "Environment": "cnn",
              "Name": "salesagent-cnn-ecs-task"
            },
            "tags_all": {
              "Environment": "cnn",
              "ManagedBy": "terraform",
              "Name": "salesagent-cnn-ecs-task",
              "Project": "salesagent-demo",
              "Purpose": "Newton MCP Demo"
            },
            "unique_id": "AROAVRUVTLYK2GBAE56WK"
          },
          "sensitive_attributes": [],
          "private": "bnVsbA=="
        }
      ]
    },
    {
      "module": "module.ecs_cnn",
      "mode": "managed",
      "type": "aws_iam_role",
      "name": "ecs_task_execution",
      "provider": "provider[\"registry.terraform.io/hashicorp/aws\"]",
      "instances": [
        {
          "schema_version": 0,
          "attributes": {
            "arn": "arn:aws:iam::381492092437:role/salesagent-cnn-ecs-task-execution",
            "assume_role_policy": "{\"Statement\":[{\"Action\":\"sts:AssumeRole\",\"Effect\":\"Allow\",\"Principal\":{\"Service\":\"ecs-tasks.amazonaws.com\"}}],\"Version\":\"2012-10-17\"}",
            "create_date": "2025-11-23T21:25:21Z",
            "description": "",
            "force_detach_policies": false,
            "id": "salesagent-cnn-ecs-task-execution",
            "inline_policy": [
              {
                "name": "secrets-access",
                "policy": "{\"Version\":\"2012-10-17\",\"Statement\":[{\"Action\":[\"secretsmanager:GetSecretValue\"],\"Effect\":\"Allow\",\"Resource\":\"*\"}]}"
              }
            ],
            "managed_policy_arns": [
              "arn:aws:iam::aws:policy/service-role/AmazonECSTaskExecutionRolePolicy"
            ],
            "max_session_duration": 3600,
            "name": "salesagent-cnn-ecs-task-execution",
            "name_prefix": "",
            "path": "/",
            "permissions_boundary": "",
            "tags": {
              "Environment": "cnn",
              "Name": "salesagent-cnn-ecs-task-execution"
            },
            "tags_all": {
              "Environment": "cnn",
              "ManagedBy": "terraform",
              "Name": "salesagent-cnn-ecs-task-execution",
              "Project": "salesagent-demo",
              "Purpose": "Newton MCP Demo"
            },
            "unique_id": "AROAVRUVTLYK4NSQTLRO5"
          },
          "sensitive_attributes": [],
          "private": "bnVsbA=="
        }
      ]
    },
    {
      "module": "module.ecs_cnn",
      "mode": "managed",
      "type": "aws_iam_role_policy",
      "name": "ecs_task_execution_secrets",
      "provider": "provider[\"registry.terraform.io/hashicorp/aws\"]",
      "instances": [
        {
          "schema_version": 0,
          "attributes": {
            "id": "salesagent-cnn-ecs-task-execution:secrets-access",
            "name": "secrets-access",
            "name_prefix": "",
            "policy": "{\"Version\":\"2012-10-17\",\"Statement\":[{\"Action\":[\"secretsmanager:GetSecretValue\"],\"Effect\":\"Allow\",\"Resource\":\"*\"}]}",
            "role": "salesagent-cnn-ecs-task-execution"
          },
          "sensitive_attributes": [],
          "private": "bnVsbA==",
          "dependencies": [
            "module.ecs_cnn.aws_iam_role.ecs_task_execution"
          ]
        }
      ]
    },
    {
      "module": "module.ecs_cnn",
      "mode": "managed",
      "type": "aws_iam_role_policy_attachment",
      "name": "ecs_task_execution",
      "provider": "provider[\"registry.terraform.io/hashicorp/aws\"]",
      "instances": [
        {
          "schema_version": 0,
          "attributes": {
            "id": "salesagent-cnn-ecs-task-execution-20251123212521907500000003",
            "policy_arn": "arn:aws:iam::aws:policy/service-role/AmazonECSTaskExecutionRolePolicy",
            "role": "salesagent-cnn-ecs-task-execution"
          },
          "sensitive_attributes": [],
          "private": "bnVsbA==",
          "dependencies": [
            "module.ecs_cnn.aws_iam_role.ecs_task_execution"
          ]
        }
      ]
    },
    {
      "module": "module.ecs_cnn",
      "mode": "managed",
      "type": "aws_service_discovery_service",
      "name": "tenant",
      "provider": "provider[\"registry.terraform.io/hashicorp/aws\"]",
      "instances": []
    },
    {
      "module": "module.ecs_espn",
      "mode": "managed",
      "type": "aws_cloudwatch_log_group",
      "name": "ecs",
      "provider": "provider[\"registry.terraform.io/hashicorp/aws\"]",
      "instances": [
        {
          "schema_version": 0,
          "attributes": {
            "arn": "arn:aws:logs:us-east-1:381492092437:log-group:/ecs/salesagent-espn",
            "id": "/ecs/salesagent-espn",
            "kms_key_id": "",
            "log_group_class": "STANDARD",
            "name": "/ecs/salesagent-espn",
            "name_prefix": "",
            "retention_in_days": 7,
            "skip_destroy": false,
            "tags": {
              "Environment": "espn",
              "Name": "salesagent-espn-logs"
            },
            "tags_all": {
              "Environment": "espn",
              "ManagedBy": "terraform",
              "Name": "salesagent-espn-logs",
              "Project": "salesagent-demo",
              "Purpose": "Newton MCP Demo"
            }
          },
          "sensitive_attributes": [],
          "private": "bnVsbA=="
        }
      ]
    },
    {
      "module": "module.ecs_espn",
      "mode": "managed",
      "type": "aws_ecs_cluster",
      "name": "main",
      "provider": "provider[\"registry.terraform.io/hashicorp/aws\"]",
      "instances": [
        {
          "schema_version": 0,
          "attributes": {
            "arn": "arn:aws:ecs:us-east-1:381492092437:cluster/salesagent-espn",
            "configuration": [],
            "id": "arn:aws:ecs:us-east-1:381492092437:cluster/salesagent-espn",
            "name": "salesagent-espn",
            "service_connect_defaults": [],
            "setting": [
              {
                "name": "containerInsights",
                "value": "disabled"
              }
            ],
            "tags": {
              "Environment": "espn",
              "Name": "salesagent-espn"
            },
            "tags_all": {
              "Environment": "espn",
              "ManagedBy": "terraform",
              "Name": "salesagent-espn",
              "Project": "salesagent-demo",
              "Purpose": "Newton MCP Demo"
            }
          },
          "sensitive_attributes": [],
          "private": "bnVsbA=="
        }
      ]
    },
    {
      "module": "module.ecs_espn",
      "mode": "managed",
      "type": "aws_ecs_service",
      "name": "salesagent",
      "provider": "provider[\"registry.terraform.io/hashicorp/aws\"]",
      "instances": [
        {
          "schema_version": 1,
          "attributes": {
            "alarms": [],
            "availability_zone_rebalancing": "DISABLED",
            "capacity_provider_strategy": [],
            "cluster": "arn:aws:ecs:us-east-1:381492092437:cluster/salesagent-espn",
            "deployment_circuit_breaker": [
              {
                "enable": false,
                "rollback": false
              }
            ],
            "deployment_controller": [
              {
                "type": "ECS"
              }
            ],
            "deployment_maximum_percent": 200,
            "deployment_minimum_healthy_percent": 100,
            "desired_count": 1,
            "enable_ecs_managed_tags": false,
            "enable_execute_command": false,
            "force_delete": null,
            "force_new_deployment": null,
            "health_check_grace_period_seconds": 0,
            "iam_role": "/aws-service-role/ecs.amazonaws.com/AWSServiceRoleForECS",
            "id": "arn:aws:ecs:us-east-1:381492092437:service/salesagent-espn/salesagent-espn",
            "launch_type": "FARGATE",
            "load_balancer": [],
            "name": "salesagent-espn",
            "network_configuration": [
              {
                "assign_public_ip": false,
                "security_groups": [
                  "sg-06ce54285837ad4e2"
                ],
                "subnets": [
                  "subnet-065023c1336d4c9f4",
                  "subnet-0c91a5b370ff9e602",
                  "subnet-0dc813a47980eb5de"
                ]
              }
            ],
            "ordered_placement_strategy": [],
            "placement_constraints": [],
            "platform_version": "LATEST",
            "propagate_tags": "NONE",
            "scheduling_strategy": "REPLICA",
            "service_connect_configuration": [],
            "service_registries": [],
            "tags": {
              "Environment": "espn",
              "Name": "salesagent-espn"
            },
            "tags_all": {
              "Environment": "espn",
              "ManagedBy": "terraform",
              "Name": "salesagent-espn",
              "Project": "salesagent-demo",
              "Purpose": "Newton MCP Demo"
            },
            "task_definition": "arn:aws:ecs:us-east-1:381492092437:task-definition/salesagent-espn:2",
            "timeouts": null,
            "triggers": {},
            "volume_configuration": [],
            "vpc_lattice_configurations": [],
            "wait_for_steady_state": false
          },
          "sensitive_attributes": [],
          "private": "eyJlMmJmYjczMC1lY2FhLTExZTYtOGY4OC0zNDM2M2JjN2M0YzAiOnsiY3JlYXRlIjoxMjAwMDAwMDAwMDAwLCJkZWxldGUiOjEyMDAwMDAwMDAwMDAsInVwZGF0ZSI6MTIwMDAwMDAwMDAwMH0sInNjaGVtYV92ZXJzaW9uIjoiMSJ9",
          "dependencies": [
            "aws_secretsmanager_secret.gemini_api_key",
            "aws_secretsmanager_secret.google_client_id",
            "aws_secretsmanager_secret.google_client_secret",
            "aws_security_group.alb",
            "aws_security_group.ecs_tasks",
            "data.aws_subnets.private",
            "data.aws_vpc.newton",
            "module.database.aws_db_instance.main",
            "module.database.aws_db_subnet_group.main",
            "module.database.aws_iam_role.rds_monitoring",
            "module.database.aws_security_group.rds",
            "module.ecs_espn.aws_cloudwatch_log_group.ecs",
            "module.ecs_espn.aws_ecs_cluster.main",
            "module.ecs_espn.aws_ecs_task_definition.salesagent",
            "module.ecs_espn.aws_iam_role.ecs_task",
            "module.ecs_espn.aws_iam_role.ecs_task_execution",
            "module.ecs_espn.aws_iam_role_policy_attachment.ecs_task_execution",
            "module.ecs_espn.aws_service_discovery_private_dns_namespace.salesagent",
            "module.ecs_espn.aws_service_discovery_service.tenant"
          ]
        }
      ]
    },
    {
      "module": "module.ecs_espn",
      "mode": "managed",
      "type": "aws_ecs_task_definition",
      "name": "salesagent",
      "provider": "provider[\"registry.terraform.io/hashicorp/aws\"]",
      "instances": [
        {
          "schema_version": 1,
          "attributes": {
            "arn": "arn:aws:ecs:us-east-1:381492092437:task-definition/salesagent-espn:2",
            "arn_without_revision": "arn:aws:ecs:us-east-1:381492092437:task-definition/salesagent-espn",
            "container_definitions": "[{\"environment\":[{\"name\":\"A2A_PORT\",\"value\":\"9591\"},{\"name\":\"ADCP_DEMO_MODE\",\"value\":\"true\"},{\"name\":\"ADCP_HOST\",\"value\":\"0.0.0.0\"},{\"name\":\"ADCP_PORT\",\"value\":\"9580\"},{\"name\":\"ADCP_TESTING\",\"value\":\"true\"},{\"name\":\"ADCP_TEST_PRINCIPAL_ID\",\"value\":\"nike\"},{\"name\":\"ADCP_TEST_TENANT_ID\",\"value\":\"espn\"},{\"name\":\"ADMIN_UI_PORT\",\"value\":\"9501\"},{\"name\":\"DATABASE_URL\",\"value\":\"postgresql://salesagent:SalesAgent2024Demo!@staging-salesagent-db.c96wsm4kko25.us-east-1.rds.amazonaws.com:5432/salesagent\"},{\"name\":\"ENVIRONMENT\",\"value\":\"production\"},{\"name\":\"SUPER_ADMIN_EMAILS\",\"value\":\"admin@example.com\"}],\"essential\":true,\"image\":\"381492092437.dkr.ecr.us-east-1.amazonaws.com/salesagent-staging:latest\",\"logConfiguration\":{\"logDriver\":\"awslogs\",\"options\":{\"awslogs-group\":\"/ecs/salesagent-espn\",\"awslogs-region\":\"us-east-1\",\"awslogs-stream-prefix\":\"ecs\"}},\"mountPoints\":[],\"name\":\"salesagent-espn\",\"portMappings\":[{\"containerPort\":9580,\"hostPort\":9580,\"protocol\":\"tcp\"},{\"containerPort\":9501,\"hostPort\":9501,\"protocol\":\"tcp\"},{\"containerPort\":9591,\"hostPort\":9591,\"protocol\":\"tcp\"}],\"secrets\":[{\"name\":\"GEMINI_API_KEY\",\"valueFrom\":\"arn:aws:secretsmanager:us-east-1:381492092437:secret:staging-salesagent-gemini-api-key-ePNWEy\"},{\"name\":\"GOOGLE_CLIENT_ID\",\"valueFrom\":\"arn:aws:secretsmanager:us-east-1:381492092437:secret:staging-salesagent-google-client-id-TZSOMD\"},{\"name\":\"GOOGLE_CLIENT_SECRET\",\"valueFrom\":\"arn:aws:secretsmanager:us-east-1:381492092437:secret:staging-salesagent-google-client-secret-aMu6oy\"}],\"systemControls\":[],\"volumesFrom\":[]}]",
            "cpu": "512",
            "enable_fault_injection": false,
            "ephemeral_storage": [],
            "execution_role_arn": "arn:aws:iam::381492092437:role/salesagent-espn-ecs-task-execution",
            "family": "salesagent-espn",
            "id": "salesagent-espn",
            "inference_accelerator": [],
            "ipc_mode": "",
            "memory": "1024",
            "network_mode": "awsvpc",
            "pid_mode": "",
            "placement_constraints": [],
            "proxy_configuration": [],
            "requires_compatibilities": [
              "FARGATE"
            ],
            "revision": 2,
            "runtime_platform": [],
            "skip_destroy": false,
            "tags": {
              "Environment": "espn",
              "Name": "salesagent-espn"
            },
            "tags_all": {
              "Environment": "espn",
              "ManagedBy": "terraform",
              "Name": "salesagent-espn",
              "Project": "salesagent-demo",
              "Purpose": "Newton MCP Demo"
            },
            "task_role_arn": "arn:aws:iam::381492092437:role/salesagent-espn-ecs-task",
            "track_latest": false,
            "volume": []
          },
          "sensitive_attributes": [
            [
              {
                "type": "get_attr",
                "value": "container_definitions"
              }
            ]
          ],
          "private": "eyJzY2hlbWFfdmVyc2lvbiI6IjEifQ==",
          "dependencies": [
            "aws_secretsmanager_secret.gemini_api_key",
            "aws_secretsmanager_secret.google_client_id",
            "aws_secretsmanager_secret.google_client_secret",
            "aws_security_group.alb",
            "aws_security_group.ecs_tasks",
            "data.aws_subnets.private",
            "data.aws_vpc.newton",
            "module.database.aws_db_instance.main",
            "module.database.aws_db_subnet_group.main",
            "module.database.aws_iam_role.rds_monitoring",
            "module.database.aws_security_group.rds",
            "module.ecs_espn.aws_cloudwatch_log_group.ecs",
            "module.ecs_espn.aws_iam_role.ecs_task",
            "module.ecs_espn.aws_iam_role.ecs_task_execution"
          ]
        }
      ]
    },
    {
      "module": "module.ecs_espn",
      "mode": "managed",
      "type": "aws_iam_role",
      "name": "ecs_task",
      "provider": "provider[\"registry.terraform.io/hashicorp/aws\"]",
      "instances": [
        {
          "schema_version": 0,
          "attributes": {
            "arn": "arn:aws:iam::381492092437:role/salesagent-espn-ecs-task",
            "assume_role_policy": "{\"Statement\":[{\"Action\":\"sts:AssumeRole\",\"Effect\":\"Allow\",\"Principal\":{\"Service\":\"ecs-tasks.amazonaws.com\"}}],\"Version\":\"2012-10-17\"}",
            "create_date": "2025-11-23T21:25:21Z",
            "description": "",
            "force_detach_policies": false,
            "id": "salesagent-espn-ecs-task",
            "inline_policy": [],
            "managed_policy_arns": [],
            "max_session_duration": 3600,
            "name": "salesagent-espn-ecs-task",
            "name_prefix": "",
            "path": "/",
            "permissions_boundary": "",
            "tags": {
              "Environment": "espn",
              "Name": "salesagent-espn-ecs-task"
            },
            "tags_all": {
              "Environment": "espn",
              "ManagedBy": "terraform",
              "Name": "salesagent-espn-ecs-task",
              "Project": "salesagent-demo",
              "Purpose": "Newton MCP Demo"
            },
            "unique_id": "AROAVRUVTLYKZVMW6LUL5"
          },
          "sensitive_attributes": [],
          "private": "bnVsbA=="
        }
      ]
    },
    {
      "module": "module.ecs_espn",
      "mode": "managed",
      "type": "aws_iam_role",
      "name": "ecs_task_execution",
      "provider": "provider[\"registry.terraform.io/hashicorp/aws\"]",
      "instances": [
        {
          "schema_version": 0,
          "attributes": {
            "arn": "arn:aws:iam::381492092437:role/salesagent-espn-ecs-task-execution",
            "assume_role_policy": "{\"Statement\":[{\"Action\":\"sts:AssumeRole\",\"Effect\":\"Allow\",\"Principal\":{\"Service\":\"ecs-tasks.amazonaws.com\"}}],\"Version\":\"2012-10-17\"}",
            "create_date": "2025-11-23T21:25:21Z",
            "description": "",
            "force_detach_policies": false,
            "id": "salesagent-espn-ecs-task-execution",
            "inline_policy": [
              {
                "name": "secrets-access",
                "policy": "{\"Version\":\"2012-10-17\",\"Statement\":[{\"Action\":[\"secretsmanager:GetSecretValue\"],\"Effect\":\"Allow\",\"Resource\":\"*\"}]}"
              }
            ],
            "managed_policy_arns": [
              "arn:aws:iam::aws:policy/service-role/AmazonECSTaskExecutionRolePolicy"
            ],
            "max_session_duration": 3600,
            "name": "salesagent-espn-ecs-task-execution",
            "name_prefix": "",
            "path": "/",
            "permissions_boundary": "",
            "tags": {
              "Environment": "espn",
              "Name": "salesagent-espn-ecs-task-execution"
            },
            "tags_all": {
              "Environment": "espn",
              "ManagedBy": "terraform",
              "Name": "salesagent-espn-ecs-task-execution",
              "Project": "salesagent-demo",
              "Purpose": "Newton MCP Demo"
            },
            "unique_id": "AROAVRUVTLYK35PTVB3P3"
          },
          "sensitive_attributes": [],
          "private": "bnVsbA=="
        }
      ]
    },
    {
      "module": "module.ecs_espn",
      "mode": "managed",
      "type": "aws_iam_role_policy",
      "name": "ecs_task_execution_secrets",
      "provider": "provider[\"registry.terraform.io/hashicorp/aws\"]",
      "instances": [
        {
          "schema_version": 0,
          "attributes": {
            "id": "salesagent-espn-ecs-task-execution:secrets-access",
            "name": "secrets-access",
            "name_prefix": "",
            "policy": "{\"Version\":\"2012-10-17\",\"Statement\":[{\"Action\":[\"secretsmanager:GetSecretValue\"],\"Effect\":\"Allow\",\"Resource\":\"*\"}]}",
            "role": "salesagent-espn-ecs-task-execution"
          },
          "sensitive_attributes": [],
          "private": "bnVsbA==",
          "dependencies": [
            "module.ecs_espn.aws_iam_role.ecs_task_execution"
          ]
        }
      ]
    },
    {
      "module": "module.ecs_espn",
      "mode": "managed",
      "type": "aws_iam_role_policy_attachment",
      "name": "ecs_task_execution",
      "provider": "provider[\"registry.terraform.io/hashicorp/aws\"]",
      "instances": [
        {
          "schema_version": 0,
          "attributes": {
            "id": "salesagent-espn-ecs-task-execution-20251123212521870100000002",
            "policy_arn": "arn:aws:iam::aws:policy/service-role/AmazonECSTaskExecutionRolePolicy",
            "role": "salesagent-espn-ecs-task-execution"
          },
          "sensitive_attributes": [],
          "private": "bnVsbA==",
          "dependencies": [
            "module.ecs_espn.aws_iam_role.ecs_task_execution"
          ]
        }
      ]
    },
    {
      "module": "module.ecs_espn",
      "mode": "managed",
      "type": "aws_service_discovery_service",
      "name": "tenant",
      "provider": "provider[\"registry.terraform.io/hashicorp/aws\"]",
      "instances": []
    },
    {
      "module": "module.ecs_nyt",
      "mode": "managed",
      "type": "aws_cloudwatch_log_group",
      "name": "ecs",
      "provider": "provider[\"registry.terraform.io/hashicorp/aws\"]",
      "instances": [
        {
          "schema_version": 0,
          "attributes": {
            "arn": "arn:aws:logs:us-east-1:381492092437:log-group:/ecs/salesagent-nyt",
            "id": "/ecs/salesagent-nyt",
            "kms_key_id": "",
            "log_group_class": "STANDARD",
            "name": "/ecs/salesagent-nyt",
            "name_prefix": "",
            "retention_in_days": 7,
            "skip_destroy": false,
            "tags": {
              "Environment": "nyt",
              "Name": "salesagent-nyt-logs"
            },
            "tags_all": {
              "Environment": "nyt",
              "ManagedBy": "terraform",
              "Name": "salesagent-nyt-logs",
              "Project": "salesagent-demo",
              "Purpose": "Newton MCP Demo"
            }
          },
          "sensitive_attributes": [],
          "private": "bnVsbA=="
        }
      ]
    },
    {
      "module": "module.ecs_nyt",
      "mode": "managed",
      "type": "aws_ecs_cluster",
      "name": "main",
      "provider": "provider[\"registry.terraform.io/hashicorp/aws\"]",
      "instances": [
        {
          "schema_version": 0,
          "attributes": {
            "arn": "arn:aws:ecs:us-east-1:381492092437:cluster/salesagent-nyt",
            "configuration": [],
            "id": "arn:aws:ecs:us-east-1:381492092437:cluster/salesagent-nyt",
            "name": "salesagent-nyt",
            "service_connect_defaults": [],
            "setting": [
              {
                "name": "containerInsights",
                "value": "disabled"
              }
            ],
            "tags": {
              "Environment": "nyt",
              "Name": "salesagent-nyt"
            },
            "tags_all": {
              "Environment": "nyt",
              "ManagedBy": "terraform",
              "Name": "salesagent-nyt",
              "Project": "salesagent-demo",
              "Purpose": "Newton MCP Demo"
            }
          },
          "sensitive_attributes": [],
          "private": "bnVsbA=="
        }
      ]
    },
    {
      "module": "module.ecs_nyt",
      "mode": "managed",
      "type": "aws_ecs_service",
      "name": "salesagent",
      "provider": "provider[\"registry.terraform.io/hashicorp/aws\"]",
      "instances": [
        {
          "schema_version": 1,
          "attributes": {
            "alarms": [],
            "availability_zone_rebalancing": "DISABLED",
            "capacity_provider_strategy": [],
            "cluster": "arn:aws:ecs:us-east-1:381492092437:cluster/salesagent-nyt",
            "deployment_circuit_breaker": [
              {
                "enable": false,
                "rollback": false
              }
            ],
            "deployment_controller": [
              {
                "type": "ECS"
              }
            ],
            "deployment_maximum_percent": 200,
            "deployment_minimum_healthy_percent": 100,
            "desired_count": 1,
            "enable_ecs_managed_tags": false,
            "enable_execute_command": false,
            "force_delete": null,
            "force_new_deployment": null,
            "health_check_grace_period_seconds": 0,
            "iam_role": "/aws-service-role/ecs.amazonaws.com/AWSServiceRoleForECS",
            "id": "arn:aws:ecs:us-east-1:381492092437:service/salesagent-nyt/salesagent-nyt",
            "launch_type": "FARGATE",
            "load_balancer": [],
            "name": "salesagent-nyt",
            "network_configuration": [
              {
                "assign_public_ip": false,
                "security_groups": [
                  "sg-06ce54285837ad4e2"
                ],
                "subnets": [
                  "subnet-065023c1336d4c9f4",
                  "subnet-0c91a5b370ff9e602",
                  "subnet-0dc813a47980eb5de"
                ]
              }
            ],
            "ordered_placement_strategy": [],
            "placement_constraints": [],
            "platform_version": "LATEST",
            "propagate_tags": "NONE",
            "scheduling_strategy": "REPLICA",
            "service_connect_configuration": [],
            "service_registries": [
              {
                "container_name": "",
                "container_port": 0,
                "port": 0,
                "registry_arn": "arn:aws:servicediscovery:us-east-1:381492092437:service/srv-k5enaamcq3gvtejv"
              }
            ],
            "tags": {
              "Environment": "nyt",
              "Name": "salesagent-nyt"
            },
            "tags_all": {
              "Environment": "nyt",
              "ManagedBy": "terraform",
              "Name": "salesagent-nyt",
              "Project": "salesagent-demo",
              "Purpose": "Newton MCP Demo"
            },
            "task_definition": "arn:aws:ecs:us-east-1:381492092437:task-definition/salesagent-nyt:2",
            "timeouts": null,
            "triggers": {},
            "volume_configuration": [],
            "vpc_lattice_configurations": [],
            "wait_for_steady_state": false
          },
          "sensitive_attributes": [],
          "private": "eyJlMmJmYjczMC1lY2FhLTExZTYtOGY4OC0zNDM2M2JjN2M0YzAiOnsiY3JlYXRlIjoxMjAwMDAwMDAwMDAwLCJkZWxldGUiOjEyMDAwMDAwMDAwMDAsInVwZGF0ZSI6MTIwMDAwMDAwMDAwMH0sInNjaGVtYV92ZXJzaW9uIjoiMSJ9",
          "dependencies": [
            "aws_security_group.ecs_tasks",
            "data.aws_subnets.private",
            "data.aws_vpc.newton",
            "module.ecs_nyt.aws_ecs_cluster.main",
            "module.ecs_nyt.aws_ecs_task_definition.salesagent",
            "module.ecs_nyt.aws_iam_role_policy_attachment.ecs_task_execution",
            "module.ecs_nyt.aws_service_discovery_private_dns_namespace.salesagent",
            "module.ecs_nyt.aws_service_discovery_service.tenant"
          ]
        }
      ]
    },
    {
      "module": "module.ecs_nyt",
      "mode": "managed",
      "type": "aws_ecs_task_definition",
      "name": "salesagent",
      "provider": "provider[\"registry.terraform.io/hashicorp/aws\"]",
      "instances": [
        {
          "schema_version": 1,
          "attributes": {
            "arn": "arn:aws:ecs:us-east-1:381492092437:task-definition/salesagent-nyt:2",
            "arn_without_revision": "arn:aws:ecs:us-east-1:381492092437:task-definition/salesagent-nyt",
            "container_definitions": "[{\"environment\":[{\"name\":\"A2A_PORT\",\"value\":\"9591\"},{\"name\":\"ADCP_DEMO_MODE\",\"value\":\"true\"},{\"name\":\"ADCP_HOST\",\"value\":\"0.0.0.0\"},{\"name\":\"ADCP_PORT\",\"value\":\"9580\"},{\"name\":\"ADCP_TESTING\",\"value\":\"true\"},{\"name\":\"ADCP_TEST_PRINCIPAL_ID\",\"value\":\"apple\"},{\"name\":\"ADCP_TEST_TENANT_ID\",\"value\":\"nyt\"},{\"name\":\"ADMIN_UI_PORT\",\"value\":\"9501\"},{\"name\":\"DATABASE_URL\",\"value\":\"postgresql://salesagent:SalesAgent2024Demo!@staging-salesagent-db.c96wsm4kko25.us-east-1.rds.amazonaws.com:5432/salesagent\"},{\"name\":\"ENVIRONMENT\",\"value\":\"production\"},{\"name\":\"SUPER_ADMIN_EMAILS\",\"value\":\"admin@example.com\"}],\"essential\":true,\"image\":\"381492092437.dkr.ecr.us-east-1.amazonaws.com/salesagent-staging:latest\",\"logConfiguration\":{\"logDriver\":\"awslogs\",\"options\":{\"awslogs-group\":\"/ecs/salesagent-nyt\",\"awslogs-region\":\"us-east-1\",\"awslogs-stream-prefix\":\"ecs\"}},\"mountPoints\":[],\"name\":\"salesagent-nyt\",\"portMappings\":[{\"containerPort\":9580,\"hostPort\":9580,\"protocol\":\"tcp\"},{\"containerPort\":9501,\"hostPort\":9501,\"protocol\":\"tcp\"},{\"containerPort\":9591,\"hostPort\":9591,\"protocol\":\"tcp\"}],\"secrets\":[{\"name\":\"GEMINI_API_KEY\",\"valueFrom\":\"arn:aws:secretsmanager:us-east-1:381492092437:secret:staging-salesagent-gemini-api-key-ePNWEy\"},{\"name\":\"GOOGLE_CLIENT_ID\",\"valueFrom\":\"arn:aws:secretsmanager:us-east-1:381492092437:secret:staging-salesagent-google-client-id-TZSOMD\"},{\"name\":\"GOOGLE_CLIENT_SECRET\",\"valueFrom\":\"arn:aws:secretsmanager:us-east-1:381492092437:secret:staging-salesagent-google-client-secret-aMu6oy\"}],\"systemControls\":[],\"volumesFrom\":[]}]",
            "cpu": "512",
            "enable_fault_injection": false,
            "ephemeral_storage": [],
            "execution_role_arn": "arn:aws:iam::381492092437:role/salesagent-nyt-ecs-task-execution",
            "family": "salesagent-nyt",
            "id": "salesagent-nyt",
            "inference_accelerator": [],
            "ipc_mode": "",
            "memory": "1024",
            "network_mode": "awsvpc",
            "pid_mode": "",
            "placement_constraints": [],
            "proxy_configuration": [],
            "requires_compatibilities": [
              "FARGATE"
            ],
            "revision": 2,
            "runtime_platform": [],
            "skip_destroy": false,
            "tags": {
              "Environment": "nyt",
              "Name": "salesagent-nyt"
            },
            "tags_all": {
              "Environment": "nyt",
              "ManagedBy": "terraform",
              "Name": "salesagent-nyt",
              "Project": "salesagent-demo",
              "Purpose": "Newton MCP Demo"
            },
            "task_role_arn": "arn:aws:iam::381492092437:role/salesagent-nyt-ecs-task",
            "track_latest": false,
            "volume": []
          },
          "sensitive_attributes": [
            [
              {
                "type": "get_attr",
                "value": "container_definitions"
              }
            ]
          ],
          "private": "eyJzY2hlbWFfdmVyc2lvbiI6IjEifQ==",
          "dependencies": [
            "aws_secretsmanager_secret.gemini_api_key",
            "aws_secretsmanager_secret.google_client_id",
            "aws_secretsmanager_secret.google_client_secret",
            "aws_security_group.alb",
            "aws_security_group.ecs_tasks",
            "data.aws_subnets.private",
            "data.aws_vpc.newton",
            "module.database.aws_db_instance.main",
            "module.database.aws_db_subnet_group.main",
            "module.database.aws_iam_role.rds_monitoring",
            "module.database.aws_security_group.rds",
            "module.ecs_nyt.aws_cloudwatch_log_group.ecs",
            "module.ecs_nyt.aws_iam_role.ecs_task",
            "module.ecs_nyt.aws_iam_role.ecs_task_execution"
          ]
        }
      ]
    },
    {
      "module": "module.ecs_nyt",
      "mode": "managed",
      "type": "aws_iam_role",
      "name": "ecs_task",
      "provider": "provider[\"registry.terraform.io/hashicorp/aws\"]",
      "instances": [
        {
          "schema_version": 0,
          "attributes": {
            "arn": "arn:aws:iam::381492092437:role/salesagent-nyt-ecs-task",
            "assume_role_policy": "{\"Statement\":[{\"Action\":\"sts:AssumeRole\",\"Effect\":\"Allow\",\"Principal\":{\"Service\":\"ecs-tasks.amazonaws.com\"}}],\"Version\":\"2012-10-17\"}",
            "create_date": "2025-11-23T21:25:21Z",
            "description": "",
            "force_detach_policies": false,
            "id": "salesagent-nyt-ecs-task",
            "inline_policy": [],
            "managed_policy_arns": [],
            "max_session_duration": 3600,
            "name": "salesagent-nyt-ecs-task",
            "name_prefix": "",
            "path": "/",
            "permissions_boundary": "",
            "tags": {
              "Environment": "nyt",
              "Name": "salesagent-nyt-ecs-task"
            },
            "tags_all": {
              "Environment": "nyt",
              "ManagedBy": "terraform",
              "Name": "salesagent-nyt-ecs-task",
              "Project": "salesagent-demo",
              "Purpose": "Newton MCP Demo"
            },
            "unique_id": "AROAVRUVTLYK3P6QBVJP5"
          },
          "sensitive_attributes": [],
          "private": "bnVsbA=="
        }
      ]
    },
    {
      "module": "module.ecs_nyt",
      "mode": "managed",
      "type": "aws_iam_role",
      "name": "ecs_task_execution",
      "provider": "provider[\"registry.terraform.io/hashicorp/aws\"]",
      "instances": [
        {
          "schema_version": 0,
          "attributes": {
            "arn": "arn:aws:iam::381492092437:role/salesagent-nyt-ecs-task-execution",
            "assume_role_policy": "{\"Statement\":[{\"Action\":\"sts:AssumeRole\",\"Effect\":\"Allow\",\"Principal\":{\"Service\":\"ecs-tasks.amazonaws.com\"}}],\"Version\":\"2012-10-17\"}",
            "create_date": "2025-11-23T21:25:21Z",
            "description": "",
            "force_detach_policies": false,
            "id": "salesagent-nyt-ecs-task-execution",
            "inline_policy": [
              {
                "name": "secrets-access",
                "policy": "{\"Version\":\"2012-10-17\",\"Statement\":[{\"Action\":[\"secretsmanager:GetSecretValue\"],\"Effect\":\"Allow\",\"Resource\":\"*\"}]}"
              }
            ],
            "managed_policy_arns": [
              "arn:aws:iam::aws:policy/service-role/AmazonECSTaskExecutionRolePolicy"
            ],
            "max_session_duration": 3600,
            "name": "salesagent-nyt-ecs-task-execution",
            "name_prefix": "",
            "path": "/",
            "permissions_boundary": "",
            "tags": {
              "Environment": "nyt",
              "Name": "salesagent-nyt-ecs-task-execution"
            },
            "tags_all": {
              "Environment": "nyt",
              "ManagedBy": "terraform",
              "Name": "salesagent-nyt-ecs-task-execution",
              "Project": "salesagent-demo",
              "Purpose": "Newton MCP Demo"
            },
            "unique_id": "AROAVRUVTLYKYMXLYFNGJ"
          },
          "sensitive_attributes": [],
          "private": "bnVsbA=="
        }
      ]
    },
    {
      "module": "module.ecs_nyt",
      "mode": "managed",
      "type": "aws_iam_role_policy",
      "name": "ecs_task_execution_secrets",
      "provider": "provider[\"registry.terraform.io/hashicorp/aws\"]",
      "instances": [
        {
          "schema_version": 0,
          "attributes": {
            "id": "salesagent-nyt-ecs-task-execution:secrets-access",
            "name": "secrets-access",
            "name_prefix": "",
            "policy": "{\"Version\":\"2012-10-17\",\"Statement\":[{\"Action\":[\"secretsmanager:GetSecretValue\"],\"Effect\":\"Allow\",\"Resource\":\"*\"}]}",
            "role": "salesagent-nyt-ecs-task-execution"
          },
          "sensitive_attributes": [],
          "private": "bnVsbA==",
          "dependencies": [
            "module.ecs_nyt.aws_iam_role.ecs_task_execution"
          ]
        }
      ]
    },
    {
      "module": "module.ecs_nyt",
      "mode": "managed",
      "type": "aws_iam_role_policy_attachment",
      "name": "ecs_task_execution",
      "provider": "provider[\"registry.terraform.io/hashicorp/aws\"]",
      "instances": [
        {
          "schema_version": 0,
          "attributes": {
            "id": "salesagent-nyt-ecs-task-execution-20251123212521729900000001",
            "policy_arn": "arn:aws:iam::aws:policy/service-role/AmazonECSTaskExecutionRolePolicy",
            "role": "salesagent-nyt-ecs-task-execution"
          },
          "sensitive_attributes": [],
          "private": "bnVsbA==",
          "dependencies": [
            "module.ecs_nyt.aws_iam_role.ecs_task_execution"
          ]
        }
      ]
    },
    {
      "module": "module.ecs_nyt",
      "mode": "managed",
      "type": "aws_service_discovery_private_dns_namespace",
      "name": "salesagent",
      "provider": "provider[\"registry.terraform.io/hashicorp/aws\"]",
      "instances": [
        {
          "schema_version": 0,
          "attributes": {
            "arn": "arn:aws:servicediscovery:us-east-1:381492092437:namespace/ns-kso7tbnr5zgcmpu3",
            "description": "Private DNS namespace for AdCP Sales Agent service discovery",
            "hosted_zone": "Z023008114E4FTXD5D202",
            "id": "ns-kso7tbnr5zgcmpu3",
            "name": "salesagent.local",
            "tags": {
              "Environment": "nyt",
              "Name": "salesagent-service-discovery"
            },
            "tags_all": {
              "Environment": "nyt",
              "ManagedBy": "terraform",
              "Name": "salesagent-service-discovery",
              "Project": "salesagent-demo",
              "Purpose": "Newton MCP Demo"
            },
            "vpc": "vpc-0c3f93c08fc1d2530"
          },
          "sensitive_attributes": [],
          "private": "bnVsbA==",
          "dependencies": [
            "data.aws_vpc.newton"
          ]
        }
      ]
    },
    {
      "module": "module.ecs_nyt",
      "mode": "managed",
      "type": "aws_service_discovery_service",
      "name": "tenant",
      "provider": "provider[\"registry.terraform.io/hashicorp/aws\"]",
      "instances": [
        {
          "schema_version": 0,
          "attributes": {
            "arn": "arn:aws:servicediscovery:us-east-1:381492092437:service/srv-k5enaamcq3gvtejv",
            "description": "",
            "dns_config": [
              {
                "dns_records": [
                  {
                    "ttl": 10,
                    "type": "A"
                  }
                ],
                "namespace_id": "ns-kso7tbnr5zgcmpu3",
                "routing_policy": "MULTIVALUE"
              }
            ],
            "force_destroy": false,
            "health_check_config": [],
            "health_check_custom_config": [
              {
                "failure_threshold": 1
              }
            ],
            "id": "srv-k5enaamcq3gvtejv",
            "name": "nyt",
            "namespace_id": "ns-kso7tbnr5zgcmpu3",
            "tags": {
              "Environment": "nyt",
              "Name": "salesagent-nyt-discovery"
            },
            "tags_all": {
              "Environment": "nyt",
              "ManagedBy": "terraform",
              "Name": "salesagent-nyt-discovery",
              "Project": "salesagent-demo",
              "Purpose": "Newton MCP Demo"
            },
            "type": "DNS_HTTP"
          },
          "sensitive_attributes": [],
          "private": "bnVsbA==",
          "dependencies": [
            "data.aws_vpc.newton",
            "module.ecs_nyt.aws_service_discovery_private_dns_namespace.salesagent"
          ]
        }
      ]
    }
  ],
  "check_results": null
}
